// !$*UTF8*$!
{
	archiveVersion = 1;
	classes = {
	};
	objectVersion = 46;
	objects = {

/* Begin PBXBuildFile section */
		8B06A90E1AF0D27800329F8E /* CollectAction.m in Sources */ = {isa = PBXBuildFile; fileRef = 8B06A90D1AF0D27800329F8E /* CollectAction.m */; };
		8B68FB001B0AD25900A1E707 /* 商品发布及检索功能使用说明.pdf in Resources */ = {isa = PBXBuildFile; fileRef = 8B68FAFF1B0AD25900A1E707 /* 商品发布及检索功能使用说明.pdf */; };
		8B71B5E71ADBB0FF00385223 /* rewards_on.png in Resources */ = {isa = PBXBuildFile; fileRef = 8B71B5E41ADBB0FF00385223 /* rewards_on.png */; };
		8B71B5E81ADBB0FF00385223 /* rewards_on@2x.png in Resources */ = {isa = PBXBuildFile; fileRef = 8B71B5E51ADBB0FF00385223 /* rewards_on@2x.png */; };
		8B71B5E91ADBB0FF00385223 /* rewards_on@3x.png in Resources */ = {isa = PBXBuildFile; fileRef = 8B71B5E61ADBB0FF00385223 /* rewards_on@3x.png */; };
		8B9ACE8E1B0ED6B100B495F0 /* DynamicsVC.m in Sources */ = {isa = PBXBuildFile; fileRef = 8B9ACE8D1B0ED6B100B495F0 /* DynamicsVC.m */; };
		8B9ACE9D1B0F1BF200B495F0 /* SpringTableVC.m in Sources */ = {isa = PBXBuildFile; fileRef = 8B9ACE9C1B0F1BF200B495F0 /* SpringTableVC.m */; };
		8BAA20721ACE850600A85F17 /* main.m in Sources */ = {isa = PBXBuildFile; fileRef = 8BAA20711ACE850600A85F17 /* main.m */; };
		8BAA20751ACE850600A85F17 /* AppDelegate.m in Sources */ = {isa = PBXBuildFile; fileRef = 8BAA20741ACE850600A85F17 /* AppDelegate.m */; };
		8BAA20781ACE850600A85F17 /* ViewController.m in Sources */ = {isa = PBXBuildFile; fileRef = 8BAA20771ACE850600A85F17 /* ViewController.m */; };
		8BAA207B1ACE850600A85F17 /* Main.storyboard in Resources */ = {isa = PBXBuildFile; fileRef = 8BAA20791ACE850600A85F17 /* Main.storyboard */; };
		8BAA207D1ACE850600A85F17 /* Images.xcassets in Resources */ = {isa = PBXBuildFile; fileRef = 8BAA207C1ACE850600A85F17 /* Images.xcassets */; };
		8BAA20801ACE850600A85F17 /* LaunchScreen.xib in Resources */ = {isa = PBXBuildFile; fileRef = 8BAA207E1ACE850600A85F17 /* LaunchScreen.xib */; };
		8BAA208C1ACE850600A85F17 /* MyCategoryTests.m in Sources */ = {isa = PBXBuildFile; fileRef = 8BAA208B1ACE850600A85F17 /* MyCategoryTests.m */; };
		8BAA20C71ACE856500A85F17 /* UIKeyboardView.m in Sources */ = {isa = PBXBuildFile; fileRef = 8BAA20B11ACE856500A85F17 /* UIKeyboardView.m */; settings = {COMPILER_FLAGS = "-fno-objc-arc"; }; };
		8BAA20C81ACE856500A85F17 /* UIKeyboardViewController.m in Sources */ = {isa = PBXBuildFile; fileRef = 8BAA20B31ACE856500A85F17 /* UIKeyboardViewController.m */; settings = {COMPILER_FLAGS = "-fno-objc-arc"; }; };
		8BAA20C91ACE856500A85F17 /* ChineseToPinyin.m in Sources */ = {isa = PBXBuildFile; fileRef = 8BAA20B71ACE856500A85F17 /* ChineseToPinyin.m */; settings = {COMPILER_FLAGS = "-fno-objc-arc"; }; };
		8BAA20CA1ACE856500A85F17 /* MBProgressHUD.m in Sources */ = {isa = PBXBuildFile; fileRef = 8BAA20B91ACE856500A85F17 /* MBProgressHUD.m */; };
		8BAA20CC1ACE856500A85F17 /* Reachability.m in Sources */ = {isa = PBXBuildFile; fileRef = 8BAA20BD1ACE856500A85F17 /* Reachability.m */; settings = {COMPILER_FLAGS = "-fno-objc-arc"; }; };
		8BAA20CD1ACE856500A85F17 /* UIView+Common.m in Sources */ = {isa = PBXBuildFile; fileRef = 8BAA20C01ACE856500A85F17 /* UIView+Common.m */; };
		8BAA20CE1ACE856500A85F17 /* LKX_Tooles.m in Sources */ = {isa = PBXBuildFile; fileRef = 8BAA20C21ACE856500A85F17 /* LKX_Tooles.m */; settings = {COMPILER_FLAGS = "-fno-objc-arc"; }; };
		8BAA20D01ACE856500A85F17 /* LKXAlertView.m in Sources */ = {isa = PBXBuildFile; fileRef = 8BAA20C61ACE856500A85F17 /* LKXAlertView.m */; };
		8BAA20D31ACE858700A85F17 /* BigBtn.m in Sources */ = {isa = PBXBuildFile; fileRef = 8BAA20D21ACE858700A85F17 /* BigBtn.m */; };
		8BC9187E1B9ECE3700CEDE38 /* EmailSendTool.m in Sources */ = {isa = PBXBuildFile; fileRef = 8BC9186B1B9ECE3700CEDE38 /* EmailSendTool.m */; };
		8BC9187F1B9ECE3700CEDE38 /* LKXSpringCollectionViewFlowLayout.m in Sources */ = {isa = PBXBuildFile; fileRef = 8BC9186D1B9ECE3700CEDE38 /* LKXSpringCollectionViewFlowLayout.m */; };
		8BC918801B9ECE3700CEDE38 /* NSArray+Category.m in Sources */ = {isa = PBXBuildFile; fileRef = 8BC9186F1B9ECE3700CEDE38 /* NSArray+Category.m */; };
		8BC918811B9ECE3700CEDE38 /* NSData+Category.m in Sources */ = {isa = PBXBuildFile; fileRef = 8BC918711B9ECE3700CEDE38 /* NSData+Category.m */; };
		8BC918841B9ECE3700CEDE38 /* TextField.m in Sources */ = {isa = PBXBuildFile; fileRef = 8BC918771B9ECE3700CEDE38 /* TextField.m */; };
		8BC918851B9ECE3700CEDE38 /* UIButton+Categoty.m in Sources */ = {isa = PBXBuildFile; fileRef = 8BC918791B9ECE3700CEDE38 /* UIButton+Categoty.m */; };
		8BC918861B9ECE3700CEDE38 /* UIColor+Category.m in Sources */ = {isa = PBXBuildFile; fileRef = 8BC9187B1B9ECE3700CEDE38 /* UIColor+Category.m */; };
		8BC918871B9ECE3700CEDE38 /* WebView.m in Sources */ = {isa = PBXBuildFile; fileRef = 8BC9187D1B9ECE3700CEDE38 /* WebView.m */; };
		8BC9188A1B9ECE7F00CEDE38 /* TestVC.m in Sources */ = {isa = PBXBuildFile; fileRef = 8BC918891B9ECE7F00CEDE38 /* TestVC.m */; };
		8BC918911B9ECF2700CEDE38 /* NSString+Category.m in Sources */ = {isa = PBXBuildFile; fileRef = 8BC9188C1B9ECF2700CEDE38 /* NSString+Category.m */; };
		8BC918921B9ECF2700CEDE38 /* NSString+Encryption.m in Sources */ = {isa = PBXBuildFile; fileRef = 8BC9188E1B9ECF2700CEDE38 /* NSString+Encryption.m */; };
		8BC918931B9ECF2700CEDE38 /* NSString+Verification.m in Sources */ = {isa = PBXBuildFile; fileRef = 8BC918901B9ECF2700CEDE38 /* NSString+Verification.m */; };
		8BC918961B9ECF8800CEDE38 /* NSDate+Category.m in Sources */ = {isa = PBXBuildFile; fileRef = 8BC918951B9ECF8800CEDE38 /* NSDate+Category.m */; };
		8BC918991B9ECFA000CEDE38 /* UIImage+Category.m in Sources */ = {isa = PBXBuildFile; fileRef = 8BC918981B9ECFA000CEDE38 /* UIImage+Category.m */; };
		8BC9189D1B9ECFCE00CEDE38 /* MBHUDTool.m in Sources */ = {isa = PBXBuildFile; fileRef = 8BC9189C1B9ECFCE00CEDE38 /* MBHUDTool.m */; };
		8BC918A01B9ECFE400CEDE38 /* ReachabilityTool.m in Sources */ = {isa = PBXBuildFile; fileRef = 8BC9189F1B9ECFE400CEDE38 /* ReachabilityTool.m */; };
		8BE8E3C01B12D3D000BA410B /* VVSpringCollectionViewFlowLayout.m in Sources */ = {isa = PBXBuildFile; fileRef = 8BE8E3BF1B12D3D000BA410B /* VVSpringCollectionViewFlowLayout.m */; };
		8BFB4FE91BAA5CC100F25721 /* UIControl+Runtime.m in Sources */ = {isa = PBXBuildFile; fileRef = 8BFB4FE81BAA5CC100F25721 /* UIControl+Runtime.m */; };
/* End PBXBuildFile section */

/* Begin PBXContainerItemProxy section */
		8BAA20861ACE850600A85F17 /* PBXContainerItemProxy */ = {
			isa = PBXContainerItemProxy;
			containerPortal = 8BAA20641ACE850600A85F17 /* Project object */;
			proxyType = 1;
			remoteGlobalIDString = 8BAA206B1ACE850600A85F17;
			remoteInfo = MyCategory;
		};
/* End PBXContainerItemProxy section */

/* Begin PBXFileReference section */
		8B06A90C1AF0D27800329F8E /* CollectAction.h */ = {isa = PBXFileReference; fileEncoding = 4; lastKnownFileType = sourcecode.c.h; path = CollectAction.h; sourceTree = "<group>"; };
		8B06A90D1AF0D27800329F8E /* CollectAction.m */ = {isa = PBXFileReference; fileEncoding = 4; lastKnownFileType = sourcecode.c.objc; path = CollectAction.m; sourceTree = "<group>"; };
		8B68FAFF1B0AD25900A1E707 /* 商品发布及检索功能使用说明.pdf */ = {isa = PBXFileReference; lastKnownFileType = image.pdf; path = "商品发布及检索功能使用说明.pdf"; sourceTree = "<group>"; };
		8B71B5E41ADBB0FF00385223 /* rewards_on.png */ = {isa = PBXFileReference; lastKnownFileType = image.png; path = rewards_on.png; sourceTree = "<group>"; };
		8B71B5E51ADBB0FF00385223 /* rewards_on@2x.png */ = {isa = PBXFileReference; lastKnownFileType = image.png; path = "rewards_on@2x.png"; sourceTree = "<group>"; };
		8B71B5E61ADBB0FF00385223 /* rewards_on@3x.png */ = {isa = PBXFileReference; lastKnownFileType = image.png; path = "rewards_on@3x.png"; sourceTree = "<group>"; };
		8B9ACE8C1B0ED6B100B495F0 /* DynamicsVC.h */ = {isa = PBXFileReference; fileEncoding = 4; lastKnownFileType = sourcecode.c.h; path = DynamicsVC.h; sourceTree = "<group>"; };
		8B9ACE8D1B0ED6B100B495F0 /* DynamicsVC.m */ = {isa = PBXFileReference; fileEncoding = 4; lastKnownFileType = sourcecode.c.objc; path = DynamicsVC.m; sourceTree = "<group>"; };
		8B9ACE9B1B0F1BF200B495F0 /* SpringTableVC.h */ = {isa = PBXFileReference; fileEncoding = 4; lastKnownFileType = sourcecode.c.h; path = SpringTableVC.h; sourceTree = "<group>"; };
		8B9ACE9C1B0F1BF200B495F0 /* SpringTableVC.m */ = {isa = PBXFileReference; fileEncoding = 4; lastKnownFileType = sourcecode.c.objc; path = SpringTableVC.m; sourceTree = "<group>"; };
		8BAA206C1ACE850600A85F17 /* MyCategory.app */ = {isa = PBXFileReference; explicitFileType = wrapper.application; includeInIndex = 0; path = MyCategory.app; sourceTree = BUILT_PRODUCTS_DIR; };
		8BAA20701ACE850600A85F17 /* Info.plist */ = {isa = PBXFileReference; lastKnownFileType = text.plist.xml; path = Info.plist; sourceTree = "<group>"; };
		8BAA20711ACE850600A85F17 /* main.m */ = {isa = PBXFileReference; lastKnownFileType = sourcecode.c.objc; path = main.m; sourceTree = "<group>"; };
		8BAA20731ACE850600A85F17 /* AppDelegate.h */ = {isa = PBXFileReference; lastKnownFileType = sourcecode.c.h; path = AppDelegate.h; sourceTree = "<group>"; };
		8BAA20741ACE850600A85F17 /* AppDelegate.m */ = {isa = PBXFileReference; lastKnownFileType = sourcecode.c.objc; path = AppDelegate.m; sourceTree = "<group>"; };
		8BAA20761ACE850600A85F17 /* ViewController.h */ = {isa = PBXFileReference; lastKnownFileType = sourcecode.c.h; path = ViewController.h; sourceTree = "<group>"; };
		8BAA20771ACE850600A85F17 /* ViewController.m */ = {isa = PBXFileReference; lastKnownFileType = sourcecode.c.objc; path = ViewController.m; sourceTree = "<group>"; };
		8BAA207A1ACE850600A85F17 /* Base */ = {isa = PBXFileReference; lastKnownFileType = file.storyboard; name = Base; path = Base.lproj/Main.storyboard; sourceTree = "<group>"; };
		8BAA207C1ACE850600A85F17 /* Images.xcassets */ = {isa = PBXFileReference; lastKnownFileType = folder.assetcatalog; path = Images.xcassets; sourceTree = "<group>"; };
		8BAA207F1ACE850600A85F17 /* Base */ = {isa = PBXFileReference; lastKnownFileType = file.xib; name = Base; path = Base.lproj/LaunchScreen.xib; sourceTree = "<group>"; };
		8BAA20851ACE850600A85F17 /* MyCategoryTests.xctest */ = {isa = PBXFileReference; explicitFileType = wrapper.cfbundle; includeInIndex = 0; path = MyCategoryTests.xctest; sourceTree = BUILT_PRODUCTS_DIR; };
		8BAA208A1ACE850600A85F17 /* Info.plist */ = {isa = PBXFileReference; lastKnownFileType = text.plist.xml; path = Info.plist; sourceTree = "<group>"; };
		8BAA208B1ACE850600A85F17 /* MyCategoryTests.m */ = {isa = PBXFileReference; lastKnownFileType = sourcecode.c.objc; path = MyCategoryTests.m; sourceTree = "<group>"; };
		8BAA20B01ACE856500A85F17 /* UIKeyboardView.h */ = {isa = PBXFileReference; fileEncoding = 4; lastKnownFileType = sourcecode.c.h; path = UIKeyboardView.h; sourceTree = "<group>"; };
		8BAA20B11ACE856500A85F17 /* UIKeyboardView.m */ = {isa = PBXFileReference; fileEncoding = 4; lastKnownFileType = sourcecode.c.objc; path = UIKeyboardView.m; sourceTree = "<group>"; };
		8BAA20B21ACE856500A85F17 /* UIKeyboardViewController.h */ = {isa = PBXFileReference; fileEncoding = 4; lastKnownFileType = sourcecode.c.h; path = UIKeyboardViewController.h; sourceTree = "<group>"; };
		8BAA20B31ACE856500A85F17 /* UIKeyboardViewController.m */ = {isa = PBXFileReference; fileEncoding = 4; lastKnownFileType = sourcecode.c.objc; path = UIKeyboardViewController.m; sourceTree = "<group>"; };
		8BAA20B51ACE856500A85F17 /* APPDefine.h */ = {isa = PBXFileReference; fileEncoding = 4; lastKnownFileType = sourcecode.c.h; path = APPDefine.h; sourceTree = "<group>"; };
		8BAA20B61ACE856500A85F17 /* ChineseToPinyin.h */ = {isa = PBXFileReference; fileEncoding = 4; lastKnownFileType = sourcecode.c.h; path = ChineseToPinyin.h; sourceTree = "<group>"; };
		8BAA20B71ACE856500A85F17 /* ChineseToPinyin.m */ = {isa = PBXFileReference; fileEncoding = 4; lastKnownFileType = sourcecode.c.objc; path = ChineseToPinyin.m; sourceTree = "<group>"; };
		8BAA20B81ACE856500A85F17 /* MBProgressHUD.h */ = {isa = PBXFileReference; fileEncoding = 4; lastKnownFileType = sourcecode.c.h; path = MBProgressHUD.h; sourceTree = "<group>"; };
		8BAA20B91ACE856500A85F17 /* MBProgressHUD.m */ = {isa = PBXFileReference; fileEncoding = 4; lastKnownFileType = sourcecode.c.objc; path = MBProgressHUD.m; sourceTree = "<group>"; };
		8BAA20BC1ACE856500A85F17 /* Reachability.h */ = {isa = PBXFileReference; fileEncoding = 4; lastKnownFileType = sourcecode.c.h; path = Reachability.h; sourceTree = "<group>"; };
		8BAA20BD1ACE856500A85F17 /* Reachability.m */ = {isa = PBXFileReference; fileEncoding = 4; lastKnownFileType = sourcecode.c.objc; path = Reachability.m; sourceTree = "<group>"; };
		8BAA20BE1ACE856500A85F17 /* Reachability用法.h */ = {isa = PBXFileReference; fileEncoding = 4; lastKnownFileType = sourcecode.c.h; path = "Reachability用法.h"; sourceTree = "<group>"; };
		8BAA20BF1ACE856500A85F17 /* UIView+Common.h */ = {isa = PBXFileReference; fileEncoding = 4; lastKnownFileType = sourcecode.c.h; path = "UIView+Common.h"; sourceTree = "<group>"; };
		8BAA20C01ACE856500A85F17 /* UIView+Common.m */ = {isa = PBXFileReference; fileEncoding = 4; lastKnownFileType = sourcecode.c.objc; path = "UIView+Common.m"; sourceTree = "<group>"; };
		8BAA20C11ACE856500A85F17 /* LKX_Tooles.h */ = {isa = PBXFileReference; fileEncoding = 4; lastKnownFileType = sourcecode.c.h; path = LKX_Tooles.h; sourceTree = "<group>"; };
		8BAA20C21ACE856500A85F17 /* LKX_Tooles.m */ = {isa = PBXFileReference; fileEncoding = 4; lastKnownFileType = sourcecode.c.objc; path = LKX_Tooles.m; sourceTree = "<group>"; };
		8BAA20C51ACE856500A85F17 /* LKXAlertView.h */ = {isa = PBXFileReference; fileEncoding = 4; lastKnownFileType = sourcecode.c.h; path = LKXAlertView.h; sourceTree = "<group>"; };
		8BAA20C61ACE856500A85F17 /* LKXAlertView.m */ = {isa = PBXFileReference; fileEncoding = 4; lastKnownFileType = sourcecode.c.objc; path = LKXAlertView.m; sourceTree = "<group>"; };
		8BAA20D11ACE858700A85F17 /* BigBtn.h */ = {isa = PBXFileReference; fileEncoding = 4; lastKnownFileType = sourcecode.c.h; path = BigBtn.h; sourceTree = "<group>"; };
		8BAA20D21ACE858700A85F17 /* BigBtn.m */ = {isa = PBXFileReference; fileEncoding = 4; lastKnownFileType = sourcecode.c.objc; path = BigBtn.m; sourceTree = "<group>"; };
		8BAA20D61ACE860E00A85F17 /* MyCategory-Prefix.pch */ = {isa = PBXFileReference; lastKnownFileType = sourcecode.c.h; path = "MyCategory-Prefix.pch"; sourceTree = "<group>"; };
		8BC918601B9EB69900CEDE38 /* SingletonMacro.h */ = {isa = PBXFileReference; fileEncoding = 4; lastKnownFileType = sourcecode.c.h; path = SingletonMacro.h; sourceTree = "<group>"; };
		8BC918681B9ECDD400CEDE38 /* Macros_UICommon.h */ = {isa = PBXFileReference; lastKnownFileType = sourcecode.c.h; path = Macros_UICommon.h; sourceTree = "<group>"; };
		8BC9186A1B9ECE3700CEDE38 /* EmailSendTool.h */ = {isa = PBXFileReference; fileEncoding = 4; lastKnownFileType = sourcecode.c.h; path = EmailSendTool.h; sourceTree = "<group>"; };
		8BC9186B1B9ECE3700CEDE38 /* EmailSendTool.m */ = {isa = PBXFileReference; fileEncoding = 4; lastKnownFileType = sourcecode.c.objc; path = EmailSendTool.m; sourceTree = "<group>"; };
		8BC9186C1B9ECE3700CEDE38 /* LKXSpringCollectionViewFlowLayout.h */ = {isa = PBXFileReference; fileEncoding = 4; lastKnownFileType = sourcecode.c.h; path = LKXSpringCollectionViewFlowLayout.h; sourceTree = "<group>"; };
		8BC9186D1B9ECE3700CEDE38 /* LKXSpringCollectionViewFlowLayout.m */ = {isa = PBXFileReference; fileEncoding = 4; lastKnownFileType = sourcecode.c.objc; path = LKXSpringCollectionViewFlowLayout.m; sourceTree = "<group>"; };
		8BC9186E1B9ECE3700CEDE38 /* NSArray+Category.h */ = {isa = PBXFileReference; fileEncoding = 4; lastKnownFileType = sourcecode.c.h; path = "NSArray+Category.h"; sourceTree = "<group>"; };
		8BC9186F1B9ECE3700CEDE38 /* NSArray+Category.m */ = {isa = PBXFileReference; fileEncoding = 4; lastKnownFileType = sourcecode.c.objc; path = "NSArray+Category.m"; sourceTree = "<group>"; };
		8BC918701B9ECE3700CEDE38 /* NSData+Category.h */ = {isa = PBXFileReference; fileEncoding = 4; lastKnownFileType = sourcecode.c.h; path = "NSData+Category.h"; sourceTree = "<group>"; };
		8BC918711B9ECE3700CEDE38 /* NSData+Category.m */ = {isa = PBXFileReference; fileEncoding = 4; lastKnownFileType = sourcecode.c.objc; path = "NSData+Category.m"; sourceTree = "<group>"; };
		8BC918761B9ECE3700CEDE38 /* TextField.h */ = {isa = PBXFileReference; fileEncoding = 4; lastKnownFileType = sourcecode.c.h; path = TextField.h; sourceTree = "<group>"; };
		8BC918771B9ECE3700CEDE38 /* TextField.m */ = {isa = PBXFileReference; fileEncoding = 4; lastKnownFileType = sourcecode.c.objc; path = TextField.m; sourceTree = "<group>"; };
		8BC918781B9ECE3700CEDE38 /* UIButton+Categoty.h */ = {isa = PBXFileReference; fileEncoding = 4; lastKnownFileType = sourcecode.c.h; path = "UIButton+Categoty.h"; sourceTree = "<group>"; };
		8BC918791B9ECE3700CEDE38 /* UIButton+Categoty.m */ = {isa = PBXFileReference; fileEncoding = 4; lastKnownFileType = sourcecode.c.objc; path = "UIButton+Categoty.m"; sourceTree = "<group>"; };
		8BC9187A1B9ECE3700CEDE38 /* UIColor+Category.h */ = {isa = PBXFileReference; fileEncoding = 4; lastKnownFileType = sourcecode.c.h; path = "UIColor+Category.h"; sourceTree = "<group>"; };
		8BC9187B1B9ECE3700CEDE38 /* UIColor+Category.m */ = {isa = PBXFileReference; fileEncoding = 4; lastKnownFileType = sourcecode.c.objc; path = "UIColor+Category.m"; sourceTree = "<group>"; };
		8BC9187C1B9ECE3700CEDE38 /* WebView.h */ = {isa = PBXFileReference; fileEncoding = 4; lastKnownFileType = sourcecode.c.h; path = WebView.h; sourceTree = "<group>"; };
		8BC9187D1B9ECE3700CEDE38 /* WebView.m */ = {isa = PBXFileReference; fileEncoding = 4; lastKnownFileType = sourcecode.c.objc; path = WebView.m; sourceTree = "<group>"; };
		8BC918881B9ECE7F00CEDE38 /* TestVC.h */ = {isa = PBXFileReference; fileEncoding = 4; lastKnownFileType = sourcecode.c.h; path = TestVC.h; sourceTree = "<group>"; };
		8BC918891B9ECE7F00CEDE38 /* TestVC.m */ = {isa = PBXFileReference; fileEncoding = 4; lastKnownFileType = sourcecode.c.objc; path = TestVC.m; sourceTree = "<group>"; };
		8BC9188B1B9ECF2700CEDE38 /* NSString+Category.h */ = {isa = PBXFileReference; fileEncoding = 4; lastKnownFileType = sourcecode.c.h; path = "NSString+Category.h"; sourceTree = "<group>"; };
		8BC9188C1B9ECF2700CEDE38 /* NSString+Category.m */ = {isa = PBXFileReference; fileEncoding = 4; lastKnownFileType = sourcecode.c.objc; path = "NSString+Category.m"; sourceTree = "<group>"; };
		8BC9188D1B9ECF2700CEDE38 /* NSString+Encryption.h */ = {isa = PBXFileReference; fileEncoding = 4; lastKnownFileType = sourcecode.c.h; path = "NSString+Encryption.h"; sourceTree = "<group>"; };
		8BC9188E1B9ECF2700CEDE38 /* NSString+Encryption.m */ = {isa = PBXFileReference; fileEncoding = 4; lastKnownFileType = sourcecode.c.objc; path = "NSString+Encryption.m"; sourceTree = "<group>"; };
		8BC9188F1B9ECF2700CEDE38 /* NSString+Verification.h */ = {isa = PBXFileReference; fileEncoding = 4; lastKnownFileType = sourcecode.c.h; path = "NSString+Verification.h"; sourceTree = "<group>"; };
		8BC918901B9ECF2700CEDE38 /* NSString+Verification.m */ = {isa = PBXFileReference; fileEncoding = 4; lastKnownFileType = sourcecode.c.objc; path = "NSString+Verification.m"; sourceTree = "<group>"; };
		8BC918941B9ECF8800CEDE38 /* NSDate+Category.h */ = {isa = PBXFileReference; fileEncoding = 4; lastKnownFileType = sourcecode.c.h; path = "NSDate+Category.h"; sourceTree = "<group>"; };
		8BC918951B9ECF8800CEDE38 /* NSDate+Category.m */ = {isa = PBXFileReference; fileEncoding = 4; lastKnownFileType = sourcecode.c.objc; path = "NSDate+Category.m"; sourceTree = "<group>"; };
		8BC918971B9ECFA000CEDE38 /* UIImage+Category.h */ = {isa = PBXFileReference; fileEncoding = 4; lastKnownFileType = sourcecode.c.h; path = "UIImage+Category.h"; sourceTree = "<group>"; };
		8BC918981B9ECFA000CEDE38 /* UIImage+Category.m */ = {isa = PBXFileReference; fileEncoding = 4; lastKnownFileType = sourcecode.c.objc; path = "UIImage+Category.m"; sourceTree = "<group>"; };
		8BC9189B1B9ECFCE00CEDE38 /* MBHUDTool.h */ = {isa = PBXFileReference; fileEncoding = 4; lastKnownFileType = sourcecode.c.h; path = MBHUDTool.h; sourceTree = "<group>"; };
		8BC9189C1B9ECFCE00CEDE38 /* MBHUDTool.m */ = {isa = PBXFileReference; fileEncoding = 4; lastKnownFileType = sourcecode.c.objc; path = MBHUDTool.m; sourceTree = "<group>"; };
		8BC9189E1B9ECFE400CEDE38 /* ReachabilityTool.h */ = {isa = PBXFileReference; fileEncoding = 4; lastKnownFileType = sourcecode.c.h; path = ReachabilityTool.h; sourceTree = "<group>"; };
		8BC9189F1B9ECFE400CEDE38 /* ReachabilityTool.m */ = {isa = PBXFileReference; fileEncoding = 4; lastKnownFileType = sourcecode.c.objc; path = ReachabilityTool.m; sourceTree = "<group>"; };
		8BE8E3BE1B12D3D000BA410B /* VVSpringCollectionViewFlowLayout.h */ = {isa = PBXFileReference; fileEncoding = 4; lastKnownFileType = sourcecode.c.h; path = VVSpringCollectionViewFlowLayout.h; sourceTree = "<group>"; };
		8BE8E3BF1B12D3D000BA410B /* VVSpringCollectionViewFlowLayout.m */ = {isa = PBXFileReference; fileEncoding = 4; lastKnownFileType = sourcecode.c.objc; path = VVSpringCollectionViewFlowLayout.m; sourceTree = "<group>"; };
		8BFB4FE71BAA5CC100F25721 /* UIControl+Runtime.h */ = {isa = PBXFileReference; fileEncoding = 4; lastKnownFileType = sourcecode.c.h; path = "UIControl+Runtime.h"; sourceTree = "<group>"; };
		8BFB4FE81BAA5CC100F25721 /* UIControl+Runtime.m */ = {isa = PBXFileReference; fileEncoding = 4; lastKnownFileType = sourcecode.c.objc; path = "UIControl+Runtime.m"; sourceTree = "<group>"; };
/* End PBXFileReference section */

/* Begin PBXFrameworksBuildPhase section */
		8BAA20691ACE850600A85F17 /* Frameworks */ = {
			isa = PBXFrameworksBuildPhase;
			buildActionMask = 2147483647;
			files = (
			);
			runOnlyForDeploymentPostprocessing = 0;
		};
		8BAA20821ACE850600A85F17 /* Frameworks */ = {
			isa = PBXFrameworksBuildPhase;
			buildActionMask = 2147483647;
			files = (
			);
			runOnlyForDeploymentPostprocessing = 0;
		};
/* End PBXFrameworksBuildPhase section */

/* Begin PBXGroup section */
		8BAA20631ACE850600A85F17 = {
			isa = PBXGroup;
			children = (
				8BAA206E1ACE850600A85F17 /* MyCategory */,
				8BAA20881ACE850600A85F17 /* MyCategoryTests */,
				8BAA206D1ACE850600A85F17 /* Products */,
			);
			sourceTree = "<group>";
		};
		8BAA206D1ACE850600A85F17 /* Products */ = {
			isa = PBXGroup;
			children = (
				8BAA206C1ACE850600A85F17 /* MyCategory.app */,
				8BAA20851ACE850600A85F17 /* MyCategoryTests.xctest */,
			);
			name = Products;
			sourceTree = "<group>";
		};
		8BAA206E1ACE850600A85F17 /* MyCategory */ = {
			isa = PBXGroup;
			children = (
				8BE8E3BD1B12D3D000BA410B /* VVSpringCollectionViewFlowLayout */,
				8B68FAFF1B0AD25900A1E707 /* 商品发布及检索功能使用说明.pdf */,
				8BAA20AE1ACE856500A85F17 /* new CommonFile */,
				8BAA20731ACE850600A85F17 /* AppDelegate.h */,
				8BAA20741ACE850600A85F17 /* AppDelegate.m */,
				8BAA20761ACE850600A85F17 /* ViewController.h */,
				8BAA20771ACE850600A85F17 /* ViewController.m */,
				8BC918881B9ECE7F00CEDE38 /* TestVC.h */,
				8BC918891B9ECE7F00CEDE38 /* TestVC.m */,
				8B9ACE8C1B0ED6B100B495F0 /* DynamicsVC.h */,
				8B9ACE8D1B0ED6B100B495F0 /* DynamicsVC.m */,
				8B9ACE9B1B0F1BF200B495F0 /* SpringTableVC.h */,
				8B9ACE9C1B0F1BF200B495F0 /* SpringTableVC.m */,
				8BAA20791ACE850600A85F17 /* Main.storyboard */,
				8BAA207C1ACE850600A85F17 /* Images.xcassets */,
				8BAA207E1ACE850600A85F17 /* LaunchScreen.xib */,
				8BAA206F1ACE850600A85F17 /* Supporting Files */,
				8B06A90C1AF0D27800329F8E /* CollectAction.h */,
				8B06A90D1AF0D27800329F8E /* CollectAction.m */,
			);
			path = MyCategory;
			sourceTree = "<group>";
		};
		8BAA206F1ACE850600A85F17 /* Supporting Files */ = {
			isa = PBXGroup;
			children = (
				8B71B5E41ADBB0FF00385223 /* rewards_on.png */,
				8B71B5E51ADBB0FF00385223 /* rewards_on@2x.png */,
				8B71B5E61ADBB0FF00385223 /* rewards_on@3x.png */,
				8BAA20701ACE850600A85F17 /* Info.plist */,
				8BAA20711ACE850600A85F17 /* main.m */,
				8BAA20D61ACE860E00A85F17 /* MyCategory-Prefix.pch */,
			);
			name = "Supporting Files";
			sourceTree = "<group>";
		};
		8BAA20881ACE850600A85F17 /* MyCategoryTests */ = {
			isa = PBXGroup;
			children = (
				8BAA208B1ACE850600A85F17 /* MyCategoryTests.m */,
				8BAA20891ACE850600A85F17 /* Supporting Files */,
			);
			path = MyCategoryTests;
			sourceTree = "<group>";
		};
		8BAA20891ACE850600A85F17 /* Supporting Files */ = {
			isa = PBXGroup;
			children = (
				8BAA208A1ACE850600A85F17 /* Info.plist */,
			);
			name = "Supporting Files";
			sourceTree = "<group>";
		};
		8BAA20AE1ACE856500A85F17 /* new CommonFile */ = {
			isa = PBXGroup;
			children = (
				8BAA20AF1ACE856500A85F17 /* CommonKeyboard */,
				8BAA20B41ACE856500A85F17 /* CommonTool */,
			);
			path = "new CommonFile";
			sourceTree = "<group>";
		};
		8BAA20AF1ACE856500A85F17 /* CommonKeyboard */ = {
			isa = PBXGroup;
			children = (
				8BAA20B01ACE856500A85F17 /* UIKeyboardView.h */,
				8BAA20B11ACE856500A85F17 /* UIKeyboardView.m */,
				8BAA20B21ACE856500A85F17 /* UIKeyboardViewController.h */,
				8BAA20B31ACE856500A85F17 /* UIKeyboardViewController.m */,
			);
			path = CommonKeyboard;
			sourceTree = "<group>";
		};
		8BAA20B41ACE856500A85F17 /* CommonTool */ = {
			isa = PBXGroup;
			children = (
				8BC918691B9ECE3700CEDE38 /* category */,
				8BC9189A1B9ECFC000CEDE38 /* tool */,
				8BAA20B51ACE856500A85F17 /* APPDefine.h */,
				8BC918681B9ECDD400CEDE38 /* Macros_UICommon.h */,
				8BAA20D11ACE858700A85F17 /* BigBtn.h */,
				8BAA20D21ACE858700A85F17 /* BigBtn.m */,
				8BAA20B61ACE856500A85F17 /* ChineseToPinyin.h */,
				8BAA20B71ACE856500A85F17 /* ChineseToPinyin.m */,
				8BAA20B81ACE856500A85F17 /* MBProgressHUD.h */,
				8BAA20B91ACE856500A85F17 /* MBProgressHUD.m */,
				8BC918601B9EB69900CEDE38 /* SingletonMacro.h */,
				8BAA20BC1ACE856500A85F17 /* Reachability.h */,
				8BAA20BD1ACE856500A85F17 /* Reachability.m */,
				8BAA20BE1ACE856500A85F17 /* Reachability用法.h */,
				8BAA20BF1ACE856500A85F17 /* UIView+Common.h */,
				8BAA20C01ACE856500A85F17 /* UIView+Common.m */,
				8BAA20C11ACE856500A85F17 /* LKX_Tooles.h */,
				8BAA20C21ACE856500A85F17 /* LKX_Tooles.m */,
				8BAA20C51ACE856500A85F17 /* LKXAlertView.h */,
				8BAA20C61ACE856500A85F17 /* LKXAlertView.m */,
			);
			path = CommonTool;
			sourceTree = "<group>";
		};
		8BC918691B9ECE3700CEDE38 /* category */ = {
			isa = PBXGroup;
			children = (
				8BC918941B9ECF8800CEDE38 /* NSDate+Category.h */,
				8BC918951B9ECF8800CEDE38 /* NSDate+Category.m */,
				8BC9186A1B9ECE3700CEDE38 /* EmailSendTool.h */,
				8BC9186B1B9ECE3700CEDE38 /* EmailSendTool.m */,
				8BC9186C1B9ECE3700CEDE38 /* LKXSpringCollectionViewFlowLayout.h */,
				8BC9186D1B9ECE3700CEDE38 /* LKXSpringCollectionViewFlowLayout.m */,
				8BC9186E1B9ECE3700CEDE38 /* NSArray+Category.h */,
				8BC9186F1B9ECE3700CEDE38 /* NSArray+Category.m */,
				8BC918701B9ECE3700CEDE38 /* NSData+Category.h */,
				8BC918711B9ECE3700CEDE38 /* NSData+Category.m */,
				8BC9188B1B9ECF2700CEDE38 /* NSString+Category.h */,
				8BC9188C1B9ECF2700CEDE38 /* NSString+Category.m */,
				8BC9188D1B9ECF2700CEDE38 /* NSString+Encryption.h */,
				8BC9188E1B9ECF2700CEDE38 /* NSString+Encryption.m */,
				8BC9188F1B9ECF2700CEDE38 /* NSString+Verification.h */,
				8BC918901B9ECF2700CEDE38 /* NSString+Verification.m */,
				8BC918761B9ECE3700CEDE38 /* TextField.h */,
				8BC918771B9ECE3700CEDE38 /* TextField.m */,
				8BC918781B9ECE3700CEDE38 /* UIButton+Categoty.h */,
				8BC918791B9ECE3700CEDE38 /* UIButton+Categoty.m */,
				8BC9187A1B9ECE3700CEDE38 /* UIColor+Category.h */,
				8BC9187B1B9ECE3700CEDE38 /* UIColor+Category.m */,
				8BC9187C1B9ECE3700CEDE38 /* WebView.h */,
				8BC9187D1B9ECE3700CEDE38 /* WebView.m */,
				8BC918971B9ECFA000CEDE38 /* UIImage+Category.h */,
				8BC918981B9ECFA000CEDE38 /* UIImage+Category.m */,
				8BFB4FE71BAA5CC100F25721 /* UIControl+Runtime.h */,
				8BFB4FE81BAA5CC100F25721 /* UIControl+Runtime.m */,
			);
			path = category;
			sourceTree = "<group>";
		};
		8BC9189A1B9ECFC000CEDE38 /* tool */ = {
			isa = PBXGroup;
			children = (
				8BC9189B1B9ECFCE00CEDE38 /* MBHUDTool.h */,
				8BC9189C1B9ECFCE00CEDE38 /* MBHUDTool.m */,
				8BC9189E1B9ECFE400CEDE38 /* ReachabilityTool.h */,
				8BC9189F1B9ECFE400CEDE38 /* ReachabilityTool.m */,
			);
			path = tool;
			sourceTree = "<group>";
		};
		8BE8E3BD1B12D3D000BA410B /* VVSpringCollectionViewFlowLayout */ = {
			isa = PBXGroup;
			children = (
				8BE8E3BE1B12D3D000BA410B /* VVSpringCollectionViewFlowLayout.h */,
				8BE8E3BF1B12D3D000BA410B /* VVSpringCollectionViewFlowLayout.m */,
			);
			path = VVSpringCollectionViewFlowLayout;
			sourceTree = "<group>";
		};
/* End PBXGroup section */

/* Begin PBXNativeTarget section */
		8BAA206B1ACE850600A85F17 /* MyCategory */ = {
			isa = PBXNativeTarget;
			buildConfigurationList = 8BAA208F1ACE850600A85F17 /* Build configuration list for PBXNativeTarget "MyCategory" */;
			buildPhases = (
				8BAA20681ACE850600A85F17 /* Sources */,
				8BAA20691ACE850600A85F17 /* Frameworks */,
				8BAA206A1ACE850600A85F17 /* Resources */,
			);
			buildRules = (
			);
			dependencies = (
			);
			name = MyCategory;
			productName = MyCategory;
			productReference = 8BAA206C1ACE850600A85F17 /* MyCategory.app */;
			productType = "com.apple.product-type.application";
		};
		8BAA20841ACE850600A85F17 /* MyCategoryTests */ = {
			isa = PBXNativeTarget;
			buildConfigurationList = 8BAA20921ACE850600A85F17 /* Build configuration list for PBXNativeTarget "MyCategoryTests" */;
			buildPhases = (
				8BAA20811ACE850600A85F17 /* Sources */,
				8BAA20821ACE850600A85F17 /* Frameworks */,
				8BAA20831ACE850600A85F17 /* Resources */,
			);
			buildRules = (
			);
			dependencies = (
				8BAA20871ACE850600A85F17 /* PBXTargetDependency */,
			);
			name = MyCategoryTests;
			productName = MyCategoryTests;
			productReference = 8BAA20851ACE850600A85F17 /* MyCategoryTests.xctest */;
			productType = "com.apple.product-type.bundle.unit-test";
		};
/* End PBXNativeTarget section */

/* Begin PBXProject section */
		8BAA20641ACE850600A85F17 /* Project object */ = {
			isa = PBXProject;
			attributes = {
				LastUpgradeCheck = 0620;
				ORGANIZATIONNAME = Developer;
				TargetAttributes = {
					8BAA206B1ACE850600A85F17 = {
						CreatedOnToolsVersion = 6.2;
						DevelopmentTeam = YDRDMTQMV6;
						SystemCapabilities = {
							com.apple.BackgroundModes = {
								enabled = 1;
							};
						};
					};
					8BAA20841ACE850600A85F17 = {
						CreatedOnToolsVersion = 6.2;
						TestTargetID = 8BAA206B1ACE850600A85F17;
					};
				};
			};
			buildConfigurationList = 8BAA20671ACE850600A85F17 /* Build configuration list for PBXProject "MyCategory" */;
			compatibilityVersion = "Xcode 3.2";
			developmentRegion = English;
			hasScannedForEncodings = 0;
			knownRegions = (
				en,
				Base,
			);
			mainGroup = 8BAA20631ACE850600A85F17;
			productRefGroup = 8BAA206D1ACE850600A85F17 /* Products */;
			projectDirPath = "";
			projectRoot = "";
			targets = (
				8BAA206B1ACE850600A85F17 /* MyCategory */,
				8BAA20841ACE850600A85F17 /* MyCategoryTests */,
			);
		};
/* End PBXProject section */

/* Begin PBXResourcesBuildPhase section */
		8BAA206A1ACE850600A85F17 /* Resources */ = {
			isa = PBXResourcesBuildPhase;
			buildActionMask = 2147483647;
			files = (
				8BAA207B1ACE850600A85F17 /* Main.storyboard in Resources */,
				8B71B5E91ADBB0FF00385223 /* rewards_on@3x.png in Resources */,
				8B71B5E71ADBB0FF00385223 /* rewards_on.png in Resources */,
				8BAA20801ACE850600A85F17 /* LaunchScreen.xib in Resources */,
				8BAA207D1ACE850600A85F17 /* Images.xcassets in Resources */,
				8B71B5E81ADBB0FF00385223 /* rewards_on@2x.png in Resources */,
				8B68FB001B0AD25900A1E707 /* 商品发布及检索功能使用说明.pdf in Resources */,
			);
			runOnlyForDeploymentPostprocessing = 0;
		};
		8BAA20831ACE850600A85F17 /* Resources */ = {
			isa = PBXResourcesBuildPhase;
			buildActionMask = 2147483647;
			files = (
			);
			runOnlyForDeploymentPostprocessing = 0;
		};
/* End PBXResourcesBuildPhase section */

/* Begin PBXSourcesBuildPhase section */
		8BAA20681ACE850600A85F17 /* Sources */ = {
			isa = PBXSourcesBuildPhase;
			buildActionMask = 2147483647;
			files = (
				8BE8E3C01B12D3D000BA410B /* VVSpringCollectionViewFlowLayout.m in Sources */,
				8BC918861B9ECE3700CEDE38 /* UIColor+Category.m in Sources */,
				8BC918991B9ECFA000CEDE38 /* UIImage+Category.m in Sources */,
				8BAA20781ACE850600A85F17 /* ViewController.m in Sources */,
				8BC9188A1B9ECE7F00CEDE38 /* TestVC.m in Sources */,
				8BC918871B9ECE3700CEDE38 /* WebView.m in Sources */,
				8BC918811B9ECE3700CEDE38 /* NSData+Category.m in Sources */,
				8BAA20CD1ACE856500A85F17 /* UIView+Common.m in Sources */,
				8BAA20CE1ACE856500A85F17 /* LKX_Tooles.m in Sources */,
				8BC9189D1B9ECFCE00CEDE38 /* MBHUDTool.m in Sources */,
				8BFB4FE91BAA5CC100F25721 /* UIControl+Runtime.m in Sources */,
				8BC918A01B9ECFE400CEDE38 /* ReachabilityTool.m in Sources */,
				8BC918961B9ECF8800CEDE38 /* NSDate+Category.m in Sources */,
				8BAA20751ACE850600A85F17 /* AppDelegate.m in Sources */,
				8BC918841B9ECE3700CEDE38 /* TextField.m in Sources */,
				8BAA20C91ACE856500A85F17 /* ChineseToPinyin.m in Sources */,
				8BC918921B9ECF2700CEDE38 /* NSString+Encryption.m in Sources */,
				8B9ACE8E1B0ED6B100B495F0 /* DynamicsVC.m in Sources */,
				8BC918851B9ECE3700CEDE38 /* UIButton+Categoty.m in Sources */,
				8BC918911B9ECF2700CEDE38 /* NSString+Category.m in Sources */,
				8BAA20CA1ACE856500A85F17 /* MBProgressHUD.m in Sources */,
				8BC9187F1B9ECE3700CEDE38 /* LKXSpringCollectionViewFlowLayout.m in Sources */,
				8B06A90E1AF0D27800329F8E /* CollectAction.m in Sources */,
				8BAA20C81ACE856500A85F17 /* UIKeyboardViewController.m in Sources */,
				8BAA20D01ACE856500A85F17 /* LKXAlertView.m in Sources */,
				8BC918931B9ECF2700CEDE38 /* NSString+Verification.m in Sources */,
				8BAA20721ACE850600A85F17 /* main.m in Sources */,
				8BAA20C71ACE856500A85F17 /* UIKeyboardView.m in Sources */,
				8BC918801B9ECE3700CEDE38 /* NSArray+Category.m in Sources */,
				8BAA20CC1ACE856500A85F17 /* Reachability.m in Sources */,
				8B9ACE9D1B0F1BF200B495F0 /* SpringTableVC.m in Sources */,
				8BC9187E1B9ECE3700CEDE38 /* EmailSendTool.m in Sources */,
				8BAA20D31ACE858700A85F17 /* BigBtn.m in Sources */,
			);
			runOnlyForDeploymentPostprocessing = 0;
		};
		8BAA20811ACE850600A85F17 /* Sources */ = {
			isa = PBXSourcesBuildPhase;
			buildActionMask = 2147483647;
			files = (
				8BAA208C1ACE850600A85F17 /* MyCategoryTests.m in Sources */,
			);
			runOnlyForDeploymentPostprocessing = 0;
		};
/* End PBXSourcesBuildPhase section */

/* Begin PBXTargetDependency section */
		8BAA20871ACE850600A85F17 /* PBXTargetDependency */ = {
			isa = PBXTargetDependency;
			target = 8BAA206B1ACE850600A85F17 /* MyCategory */;
			targetProxy = 8BAA20861ACE850600A85F17 /* PBXContainerItemProxy */;
		};
/* End PBXTargetDependency section */

/* Begin PBXVariantGroup section */
		8BAA20791ACE850600A85F17 /* Main.storyboard */ = {
			isa = PBXVariantGroup;
			children = (
				8BAA207A1ACE850600A85F17 /* Base */,
			);
			name = Main.storyboard;
			sourceTree = "<group>";
		};
		8BAA207E1ACE850600A85F17 /* LaunchScreen.xib */ = {
			isa = PBXVariantGroup;
			children = (
				8BAA207F1ACE850600A85F17 /* Base */,
			);
			name = LaunchScreen.xib;
			sourceTree = "<group>";
		};
/* End PBXVariantGroup section */

/* Begin XCBuildConfiguration section */
		8BAA208D1ACE850600A85F17 /* Debug */ = {
			isa = XCBuildConfiguration;
			buildSettings = {
				ALWAYS_SEARCH_USER_PATHS = NO;
				CLANG_CXX_LANGUAGE_STANDARD = "gnu++0x";
				CLANG_CXX_LIBRARY = "libc++";
				CLANG_ENABLE_MODULES = YES;
				CLANG_ENABLE_OBJC_ARC = YES;
				CLANG_WARN_BOOL_CONVERSION = YES;
				CLANG_WARN_CONSTANT_CONVERSION = YES;
				CLANG_WARN_DIRECT_OBJC_ISA_USAGE = YES_ERROR;
				CLANG_WARN_EMPTY_BODY = YES;
				CLANG_WARN_ENUM_CONVERSION = YES;
				CLANG_WARN_INT_CONVERSION = YES;
				CLANG_WARN_OBJC_ROOT_CLASS = YES_ERROR;
				CLANG_WARN_UNREACHABLE_CODE = YES;
				CLANG_WARN__DUPLICATE_METHOD_MATCH = YES;
				"CODE_SIGN_IDENTITY[sdk=iphoneos*]" = "iPhone Developer";
				COPY_PHASE_STRIP = NO;
				ENABLE_STRICT_OBJC_MSGSEND = YES;
				GCC_C_LANGUAGE_STANDARD = gnu99;
				GCC_DYNAMIC_NO_PIC = NO;
				GCC_OPTIMIZATION_LEVEL = 0;
				GCC_PREPROCESSOR_DEFINITIONS = (
					"DEBUG=1",
					"$(inherited)",
				);
				GCC_SYMBOLS_PRIVATE_EXTERN = NO;
				GCC_WARN_64_TO_32_BIT_CONVERSION = YES;
				GCC_WARN_ABOUT_RETURN_TYPE = YES_ERROR;
				GCC_WARN_UNDECLARED_SELECTOR = YES;
				GCC_WARN_UNINITIALIZED_AUTOS = YES_AGGRESSIVE;
				GCC_WARN_UNUSED_FUNCTION = YES;
				GCC_WARN_UNUSED_VARIABLE = YES;
				IPHONEOS_DEPLOYMENT_TARGET = 8.2;
				MTL_ENABLE_DEBUG_INFO = YES;
				ONLY_ACTIVE_ARCH = YES;
				SDKROOT = iphoneos;
			};
			name = Debug;
		};
		8BAA208E1ACE850600A85F17 /* Release */ = {
			isa = XCBuildConfiguration;
			buildSettings = {
				ALWAYS_SEARCH_USER_PATHS = NO;
				CLANG_CXX_LANGUAGE_STANDARD = "gnu++0x";
				CLANG_CXX_LIBRARY = "libc++";
				CLANG_ENABLE_MODULES = YES;
				CLANG_ENABLE_OBJC_ARC = YES;
				CLANG_WARN_BOOL_CONVERSION = YES;
				CLANG_WARN_CONSTANT_CONVERSION = YES;
				CLANG_WARN_DIRECT_OBJC_ISA_USAGE = YES_ERROR;
				CLANG_WARN_EMPTY_BODY = YES;
				CLANG_WARN_ENUM_CONVERSION = YES;
				CLANG_WARN_INT_CONVERSION = YES;
				CLANG_WARN_OBJC_ROOT_CLASS = YES_ERROR;
				CLANG_WARN_UNREACHABLE_CODE = YES;
				CLANG_WARN__DUPLICATE_METHOD_MATCH = YES;
				"CODE_SIGN_IDENTITY[sdk=iphoneos*]" = "iPhone Developer";
				COPY_PHASE_STRIP = NO;
				ENABLE_NS_ASSERTIONS = NO;
				ENABLE_STRICT_OBJC_MSGSEND = YES;
				GCC_C_LANGUAGE_STANDARD = gnu99;
				GCC_WARN_64_TO_32_BIT_CONVERSION = YES;
				GCC_WARN_ABOUT_RETURN_TYPE = YES_ERROR;
				GCC_WARN_UNDECLARED_SELECTOR = YES;
				GCC_WARN_UNINITIALIZED_AUTOS = YES_AGGRESSIVE;
				GCC_WARN_UNUSED_FUNCTION = YES;
				GCC_WARN_UNUSED_VARIABLE = YES;
				IPHONEOS_DEPLOYMENT_TARGET = 8.2;
				MTL_ENABLE_DEBUG_INFO = NO;
				SDKROOT = iphoneos;
				VALIDATE_PRODUCT = YES;
			};
			name = Release;
		};
		8BAA20901ACE850600A85F17 /* Debug */ = {
			isa = XCBuildConfiguration;
			buildSettings = {
				ASSETCATALOG_COMPILER_APPICON_NAME = AppIcon;
				CODE_SIGN_IDENTITY = "iPhone Developer";
				GCC_PREFIX_HEADER = "$(SRCROOT)/MyCategory/MyCategory-Prefix.pch";
				INFOPLIST_FILE = MyCategory/Info.plist;
				IPHONEOS_DEPLOYMENT_TARGET = 6.0;
				LD_RUNPATH_SEARCH_PATHS = "$(inherited) @executable_path/Frameworks";
				PRODUCT_NAME = "$(TARGET_NAME)";
			};
			name = Debug;
		};
		8BAA20911ACE850600A85F17 /* Release */ = {
			isa = XCBuildConfiguration;
			buildSettings = {
				ASSETCATALOG_COMPILER_APPICON_NAME = AppIcon;
				CODE_SIGN_IDENTITY = "iPhone Developer";
				GCC_PREFIX_HEADER = "$(SRCROOT)/MyCategory/MyCategory-Prefix.pch";
				INFOPLIST_FILE = MyCategory/Info.plist;
				IPHONEOS_DEPLOYMENT_TARGET = 6.0;
				LD_RUNPATH_SEARCH_PATHS = "$(inherited) @executable_path/Frameworks";
				PRODUCT_NAME = "$(TARGET_NAME)";
			};
			name = Release;
		};
		8BAA20931ACE850600A85F17 /* Debug */ = {
			isa = XCBuildConfiguration;
			buildSettings = {
				BUNDLE_LOADER = "$(TEST_HOST)";
				FRAMEWORK_SEARCH_PATHS = (
					"$(SDKROOT)/Developer/Library/Frameworks",
					"$(inherited)",
				);
				GCC_PREPROCESSOR_DEFINITIONS = (
					"DEBUG=1",
					"$(inherited)",
				);
				INFOPLIST_FILE = MyCategoryTests/Info.plist;
				LD_RUNPATH_SEARCH_PATHS = "$(inherited) @executable_path/Frameworks @loader_path/Frameworks";
				PRODUCT_NAME = "$(TARGET_NAME)";
				TEST_HOST = "$(BUILT_PRODUCTS_DIR)/MyCategory.app/MyCategory";
			};
			name = Debug;
		};
		8BAA20941ACE850600A85F17 /* Release */ = {
			isa = XCBuildConfiguration;
			buildSettings = {
				BUNDLE_LOADER = "$(TEST_HOST)";
				FRAMEWORK_SEARCH_PATHS = (
					"$(SDKROOT)/Developer/Library/Frameworks",
					"$(inherited)",
				);
				INFOPLIST_FILE = MyCategoryTests/Info.plist;
				LD_RUNPATH_SEARCH_PATHS = "$(inherited) @executable_path/Frameworks @loader_path/Frameworks";
				PRODUCT_NAME = "$(TARGET_NAME)";
				TEST_HOST = "$(BUILT_PRODUCTS_DIR)/MyCategory.app/MyCategory";
			};
			name = Release;
		};
/* End XCBuildConfiguration section */

/* Begin XCConfigurationList section */
		8BAA20671ACE850600A85F17 /* Build configuration list for PBXProject "MyCategory" */ = {
			isa = XCConfigurationList;
			buildConfigurations = (
				8BAA208D1ACE850600A85F17 /* Debug */,
				8BAA208E1ACE850600A85F17 /* Release */,
			);
			defaultConfigurationIsVisible = 0;
			defaultConfigurationName = Release;
		};
		8BAA208F1ACE850600A85F17 /* Build configuration list for PBXNativeTarget "MyCategory" */ = {
			isa = XCConfigurationList;
			buildConfigurations = (
				8BAA20901ACE850600A85F17 /* Debug */,
				8BAA20911ACE850600A85F17 /* Release */,
			);
			defaultConfigurationIsVisible = 0;
			defaultConfigurationName = Release;
		};
		8BAA20921ACE850600A85F17 /* Build configuration list for PBXNativeTarget "MyCategoryTests" */ = {
			isa = XCConfigurationList;
			buildConfigurations = (
				8BAA20931ACE850600A85F17 /* Debug */,
				8BAA20941ACE850600A85F17 /* Release */,
			);
			defaultConfigurationIsVisible = 0;
			defaultConfigurationName = Release;
		};
/* End XCConfigurationList section */
	};
	rootObject = 8BAA20641ACE850600A85F17 /* Project object */;
}
