// !$*UTF8*$!
{
	archiveVersion = 1;
	classes = {
	};
	objectVersion = 46;
	objects = {

/* Begin PBXBuildFile section */
		166B51291D486B1E003F4204 /* NSArray+Category.m in Sources */ = {isa = PBXBuildFile; fileRef = 166B50EE1D486B1E003F4204 /* NSArray+Category.m */; };
		166B512A1D486B1E003F4204 /* NSData+Category.m in Sources */ = {isa = PBXBuildFile; fileRef = 166B50F01D486B1E003F4204 /* NSData+Category.m */; };
		166B512B1D486B1E003F4204 /* NSDate+Category.m in Sources */ = {isa = PBXBuildFile; fileRef = 166B50F21D486B1E003F4204 /* NSDate+Category.m */; };
		166B512C1D486B1E003F4204 /* NSString+Category.m in Sources */ = {isa = PBXBuildFile; fileRef = 166B50F41D486B1E003F4204 /* NSString+Category.m */; };
		166B512D1D486B1E003F4204 /* NSString+Encryption.m in Sources */ = {isa = PBXBuildFile; fileRef = 166B50F61D486B1E003F4204 /* NSString+Encryption.m */; };
		166B512E1D486B1E003F4204 /* NSString+Verification.m in Sources */ = {isa = PBXBuildFile; fileRef = 166B50F81D486B1E003F4204 /* NSString+Verification.m */; };
		166B512F1D486B1E003F4204 /* UIButton+Categoty.m in Sources */ = {isa = PBXBuildFile; fileRef = 166B50FA1D486B1E003F4204 /* UIButton+Categoty.m */; };
		166B51301D486B1E003F4204 /* UIColor+Category.m in Sources */ = {isa = PBXBuildFile; fileRef = 166B50FC1D486B1E003F4204 /* UIColor+Category.m */; };
		166B51311D486B1E003F4204 /* UIControl+Runtime.m in Sources */ = {isa = PBXBuildFile; fileRef = 166B50FE1D486B1E003F4204 /* UIControl+Runtime.m */; };
		166B51321D486B1E003F4204 /* UIImage+Category.m in Sources */ = {isa = PBXBuildFile; fileRef = 166B51001D486B1E003F4204 /* UIImage+Category.m */; };
		166B51331D486B1E003F4204 /* UIKeyboardView.m in Sources */ = {isa = PBXBuildFile; fileRef = 166B51031D486B1E003F4204 /* UIKeyboardView.m */; };
		166B51341D486B1E003F4204 /* UIKeyboardViewController.m in Sources */ = {isa = PBXBuildFile; fileRef = 166B51051D486B1E003F4204 /* UIKeyboardViewController.m */; };
		166B51351D486B1E003F4204 /* BigBtn.m in Sources */ = {isa = PBXBuildFile; fileRef = 166B51081D486B1E003F4204 /* BigBtn.m */; };
		166B51361D486B1E003F4204 /* ChineseToPinyin.m in Sources */ = {isa = PBXBuildFile; fileRef = 166B510A1D486B1E003F4204 /* ChineseToPinyin.m */; };
		166B51371D486B1E003F4204 /* LKX_Tooles.m in Sources */ = {isa = PBXBuildFile; fileRef = 166B510C1D486B1E003F4204 /* LKX_Tooles.m */; };
		166B51381D486B1E003F4204 /* LKXAlertView.m in Sources */ = {isa = PBXBuildFile; fileRef = 166B510E1D486B1E003F4204 /* LKXAlertView.m */; };
		166B51391D486B1E003F4204 /* UIView+Common.m in Sources */ = {isa = PBXBuildFile; fileRef = 166B51141D486B1E003F4204 /* UIView+Common.m */; };
		166B513A1D486B1E003F4204 /* LKXEmailSendTool.m in Sources */ = {isa = PBXBuildFile; fileRef = 166B51171D486B1E003F4204 /* LKXEmailSendTool.m */; };
		166B513B1D486B1E003F4204 /* LKXSpringCollectionViewFlowLayout.m in Sources */ = {isa = PBXBuildFile; fileRef = 166B51191D486B1E003F4204 /* LKXSpringCollectionViewFlowLayout.m */; };
		166B513C1D486B1E003F4204 /* LKXTextField.m in Sources */ = {isa = PBXBuildFile; fileRef = 166B511B1D486B1E003F4204 /* LKXTextField.m */; };
		166B513D1D486B1E003F4204 /* LKXWebView.m in Sources */ = {isa = PBXBuildFile; fileRef = 166B511D1D486B1E003F4204 /* LKXWebView.m */; };
		166B513E1D486B1E003F4204 /* MBHUDTool.m in Sources */ = {isa = PBXBuildFile; fileRef = 166B51201D486B1E003F4204 /* MBHUDTool.m */; };
		166B513F1D486B1E003F4204 /* MBProgressHUD.m in Sources */ = {isa = PBXBuildFile; fileRef = 166B51221D486B1E003F4204 /* MBProgressHUD.m */; };
		166B51401D486B1E003F4204 /* Reachability.m in Sources */ = {isa = PBXBuildFile; fileRef = 166B51251D486B1E003F4204 /* Reachability.m */; };
		166B51411D486B1E003F4204 /* ReachabilityTool.m in Sources */ = {isa = PBXBuildFile; fileRef = 166B51271D486B1E003F4204 /* ReachabilityTool.m */; };
		8B06A90E1AF0D27800329F8E /* CollectAction.m in Sources */ = {isa = PBXBuildFile; fileRef = 8B06A90D1AF0D27800329F8E /* CollectAction.m */; };
		8B68FB001B0AD25900A1E707 /* 商品发布及检索功能使用说明.pdf in Resources */ = {isa = PBXBuildFile; fileRef = 8B68FAFF1B0AD25900A1E707 /* 商品发布及检索功能使用说明.pdf */; };
		8B71B5E71ADBB0FF00385223 /* rewards_on.png in Resources */ = {isa = PBXBuildFile; fileRef = 8B71B5E41ADBB0FF00385223 /* rewards_on.png */; };
		8B71B5E81ADBB0FF00385223 /* rewards_on@2x.png in Resources */ = {isa = PBXBuildFile; fileRef = 8B71B5E51ADBB0FF00385223 /* rewards_on@2x.png */; };
		8B71B5E91ADBB0FF00385223 /* rewards_on@3x.png in Resources */ = {isa = PBXBuildFile; fileRef = 8B71B5E61ADBB0FF00385223 /* rewards_on@3x.png */; };
		8B9ACE8E1B0ED6B100B495F0 /* DynamicsVC.m in Sources */ = {isa = PBXBuildFile; fileRef = 8B9ACE8D1B0ED6B100B495F0 /* DynamicsVC.m */; };
		8B9ACE9D1B0F1BF200B495F0 /* SpringTableVC.m in Sources */ = {isa = PBXBuildFile; fileRef = 8B9ACE9C1B0F1BF200B495F0 /* SpringTableVC.m */; };
		8BAA20721ACE850600A85F17 /* main.m in Sources */ = {isa = PBXBuildFile; fileRef = 8BAA20711ACE850600A85F17 /* main.m */; };
		8BAA20751ACE850600A85F17 /* AppDelegate.m in Sources */ = {isa = PBXBuildFile; fileRef = 8BAA20741ACE850600A85F17 /* AppDelegate.m */; };
		8BAA20781ACE850600A85F17 /* ViewController.m in Sources */ = {isa = PBXBuildFile; fileRef = 8BAA20771ACE850600A85F17 /* ViewController.m */; };
		8BAA207B1ACE850600A85F17 /* Main.storyboard in Resources */ = {isa = PBXBuildFile; fileRef = 8BAA20791ACE850600A85F17 /* Main.storyboard */; };
		8BAA207D1ACE850600A85F17 /* Images.xcassets in Resources */ = {isa = PBXBuildFile; fileRef = 8BAA207C1ACE850600A85F17 /* Images.xcassets */; };
		8BAA20801ACE850600A85F17 /* LaunchScreen.xib in Resources */ = {isa = PBXBuildFile; fileRef = 8BAA207E1ACE850600A85F17 /* LaunchScreen.xib */; };
		8BAA208C1ACE850600A85F17 /* MyCategoryTests.m in Sources */ = {isa = PBXBuildFile; fileRef = 8BAA208B1ACE850600A85F17 /* MyCategoryTests.m */; };
		8BC9188A1B9ECE7F00CEDE38 /* TestVC.m in Sources */ = {isa = PBXBuildFile; fileRef = 8BC918891B9ECE7F00CEDE38 /* TestVC.m */; };
		8BE8E3C01B12D3D000BA410B /* VVSpringCollectionViewFlowLayout.m in Sources */ = {isa = PBXBuildFile; fileRef = 8BE8E3BF1B12D3D000BA410B /* VVSpringCollectionViewFlowLayout.m */; };
/* End PBXBuildFile section */

/* Begin PBXContainerItemProxy section */
		8BAA20861ACE850600A85F17 /* PBXContainerItemProxy */ = {
			isa = PBXContainerItemProxy;
			containerPortal = 8BAA20641ACE850600A85F17 /* Project object */;
			proxyType = 1;
			remoteGlobalIDString = 8BAA206B1ACE850600A85F17;
			remoteInfo = MyCategory;
		};
/* End PBXContainerItemProxy section */

/* Begin PBXFileReference section */
		166B50ED1D486B1E003F4204 /* NSArray+Category.h */ = {isa = PBXFileReference; fileEncoding = 4; lastKnownFileType = sourcecode.c.h; path = "NSArray+Category.h"; sourceTree = "<group>"; };
		166B50EE1D486B1E003F4204 /* NSArray+Category.m */ = {isa = PBXFileReference; fileEncoding = 4; lastKnownFileType = sourcecode.c.objc; path = "NSArray+Category.m"; sourceTree = "<group>"; };
		166B50EF1D486B1E003F4204 /* NSData+Category.h */ = {isa = PBXFileReference; fileEncoding = 4; lastKnownFileType = sourcecode.c.h; path = "NSData+Category.h"; sourceTree = "<group>"; };
		166B50F01D486B1E003F4204 /* NSData+Category.m */ = {isa = PBXFileReference; fileEncoding = 4; lastKnownFileType = sourcecode.c.objc; path = "NSData+Category.m"; sourceTree = "<group>"; };
		166B50F11D486B1E003F4204 /* NSDate+Category.h */ = {isa = PBXFileReference; fileEncoding = 4; lastKnownFileType = sourcecode.c.h; path = "NSDate+Category.h"; sourceTree = "<group>"; };
		166B50F21D486B1E003F4204 /* NSDate+Category.m */ = {isa = PBXFileReference; fileEncoding = 4; lastKnownFileType = sourcecode.c.objc; path = "NSDate+Category.m"; sourceTree = "<group>"; };
		166B50F31D486B1E003F4204 /* NSString+Category.h */ = {isa = PBXFileReference; fileEncoding = 4; lastKnownFileType = sourcecode.c.h; path = "NSString+Category.h"; sourceTree = "<group>"; };
		166B50F41D486B1E003F4204 /* NSString+Category.m */ = {isa = PBXFileReference; fileEncoding = 4; lastKnownFileType = sourcecode.c.objc; path = "NSString+Category.m"; sourceTree = "<group>"; };
		166B50F51D486B1E003F4204 /* NSString+Encryption.h */ = {isa = PBXFileReference; fileEncoding = 4; lastKnownFileType = sourcecode.c.h; path = "NSString+Encryption.h"; sourceTree = "<group>"; };
		166B50F61D486B1E003F4204 /* NSString+Encryption.m */ = {isa = PBXFileReference; fileEncoding = 4; lastKnownFileType = sourcecode.c.objc; path = "NSString+Encryption.m"; sourceTree = "<group>"; };
		166B50F71D486B1E003F4204 /* NSString+Verification.h */ = {isa = PBXFileReference; fileEncoding = 4; lastKnownFileType = sourcecode.c.h; path = "NSString+Verification.h"; sourceTree = "<group>"; };
		166B50F81D486B1E003F4204 /* NSString+Verification.m */ = {isa = PBXFileReference; fileEncoding = 4; lastKnownFileType = sourcecode.c.objc; path = "NSString+Verification.m"; sourceTree = "<group>"; };
		166B50F91D486B1E003F4204 /* UIButton+Categoty.h */ = {isa = PBXFileReference; fileEncoding = 4; lastKnownFileType = sourcecode.c.h; path = "UIButton+Categoty.h"; sourceTree = "<group>"; };
		166B50FA1D486B1E003F4204 /* UIButton+Categoty.m */ = {isa = PBXFileReference; fileEncoding = 4; lastKnownFileType = sourcecode.c.objc; path = "UIButton+Categoty.m"; sourceTree = "<group>"; };
		166B50FB1D486B1E003F4204 /* UIColor+Category.h */ = {isa = PBXFileReference; fileEncoding = 4; lastKnownFileType = sourcecode.c.h; path = "UIColor+Category.h"; sourceTree = "<group>"; };
		166B50FC1D486B1E003F4204 /* UIColor+Category.m */ = {isa = PBXFileReference; fileEncoding = 4; lastKnownFileType = sourcecode.c.objc; path = "UIColor+Category.m"; sourceTree = "<group>"; };
		166B50FD1D486B1E003F4204 /* UIControl+Runtime.h */ = {isa = PBXFileReference; fileEncoding = 4; lastKnownFileType = sourcecode.c.h; path = "UIControl+Runtime.h"; sourceTree = "<group>"; };
		166B50FE1D486B1E003F4204 /* UIControl+Runtime.m */ = {isa = PBXFileReference; fileEncoding = 4; lastKnownFileType = sourcecode.c.objc; path = "UIControl+Runtime.m"; sourceTree = "<group>"; };
		166B50FF1D486B1E003F4204 /* UIImage+Category.h */ = {isa = PBXFileReference; fileEncoding = 4; lastKnownFileType = sourcecode.c.h; path = "UIImage+Category.h"; sourceTree = "<group>"; };
		166B51001D486B1E003F4204 /* UIImage+Category.m */ = {isa = PBXFileReference; fileEncoding = 4; lastKnownFileType = sourcecode.c.objc; path = "UIImage+Category.m"; sourceTree = "<group>"; };
		166B51021D486B1E003F4204 /* UIKeyboardView.h */ = {isa = PBXFileReference; fileEncoding = 4; lastKnownFileType = sourcecode.c.h; path = UIKeyboardView.h; sourceTree = "<group>"; };
		166B51031D486B1E003F4204 /* UIKeyboardView.m */ = {isa = PBXFileReference; fileEncoding = 4; lastKnownFileType = sourcecode.c.objc; path = UIKeyboardView.m; sourceTree = "<group>"; };
		166B51041D486B1E003F4204 /* UIKeyboardViewController.h */ = {isa = PBXFileReference; fileEncoding = 4; lastKnownFileType = sourcecode.c.h; path = UIKeyboardViewController.h; sourceTree = "<group>"; };
		166B51051D486B1E003F4204 /* UIKeyboardViewController.m */ = {isa = PBXFileReference; fileEncoding = 4; lastKnownFileType = sourcecode.c.objc; path = UIKeyboardViewController.m; sourceTree = "<group>"; };
		166B51071D486B1E003F4204 /* BigBtn.h */ = {isa = PBXFileReference; fileEncoding = 4; lastKnownFileType = sourcecode.c.h; path = BigBtn.h; sourceTree = "<group>"; };
		166B51081D486B1E003F4204 /* BigBtn.m */ = {isa = PBXFileReference; fileEncoding = 4; lastKnownFileType = sourcecode.c.objc; path = BigBtn.m; sourceTree = "<group>"; };
		166B51091D486B1E003F4204 /* ChineseToPinyin.h */ = {isa = PBXFileReference; fileEncoding = 4; lastKnownFileType = sourcecode.c.h; path = ChineseToPinyin.h; sourceTree = "<group>"; };
		166B510A1D486B1E003F4204 /* ChineseToPinyin.m */ = {isa = PBXFileReference; fileEncoding = 4; lastKnownFileType = sourcecode.c.objc; path = ChineseToPinyin.m; sourceTree = "<group>"; };
		166B510B1D486B1E003F4204 /* LKX_Tooles.h */ = {isa = PBXFileReference; fileEncoding = 4; lastKnownFileType = sourcecode.c.h; path = LKX_Tooles.h; sourceTree = "<group>"; };
		166B510C1D486B1E003F4204 /* LKX_Tooles.m */ = {isa = PBXFileReference; fileEncoding = 4; lastKnownFileType = sourcecode.c.objc; path = LKX_Tooles.m; sourceTree = "<group>"; };
		166B510D1D486B1E003F4204 /* LKXAlertView.h */ = {isa = PBXFileReference; fileEncoding = 4; lastKnownFileType = sourcecode.c.h; path = LKXAlertView.h; sourceTree = "<group>"; };
		166B510E1D486B1E003F4204 /* LKXAlertView.m */ = {isa = PBXFileReference; fileEncoding = 4; lastKnownFileType = sourcecode.c.objc; path = LKXAlertView.m; sourceTree = "<group>"; };
		166B510F1D486B1E003F4204 /* LKXAPPDefine.h */ = {isa = PBXFileReference; fileEncoding = 4; lastKnownFileType = sourcecode.c.h; path = LKXAPPDefine.h; sourceTree = "<group>"; };
		166B51101D486B1E003F4204 /* Macros_UICommon.h */ = {isa = PBXFileReference; fileEncoding = 4; lastKnownFileType = sourcecode.c.h; path = Macros_UICommon.h; sourceTree = "<group>"; };
		166B51111D486B1E003F4204 /* ReachabilityTool.h */ = {isa = PBXFileReference; fileEncoding = 4; lastKnownFileType = sourcecode.c.h; path = ReachabilityTool.h; sourceTree = "<group>"; };
		166B51121D486B1E003F4204 /* SingletonMacro.h */ = {isa = PBXFileReference; fileEncoding = 4; lastKnownFileType = sourcecode.c.h; path = SingletonMacro.h; sourceTree = "<group>"; };
		166B51131D486B1E003F4204 /* UIView+Common.h */ = {isa = PBXFileReference; fileEncoding = 4; lastKnownFileType = sourcecode.c.h; path = "UIView+Common.h"; sourceTree = "<group>"; };
		166B51141D486B1E003F4204 /* UIView+Common.m */ = {isa = PBXFileReference; fileEncoding = 4; lastKnownFileType = sourcecode.c.objc; path = "UIView+Common.m"; sourceTree = "<group>"; };
		166B51161D486B1E003F4204 /* LKXEmailSendTool.h */ = {isa = PBXFileReference; fileEncoding = 4; lastKnownFileType = sourcecode.c.h; path = LKXEmailSendTool.h; sourceTree = "<group>"; };
		166B51171D486B1E003F4204 /* LKXEmailSendTool.m */ = {isa = PBXFileReference; fileEncoding = 4; lastKnownFileType = sourcecode.c.objc; path = LKXEmailSendTool.m; sourceTree = "<group>"; };
		166B51181D486B1E003F4204 /* LKXSpringCollectionViewFlowLayout.h */ = {isa = PBXFileReference; fileEncoding = 4; lastKnownFileType = sourcecode.c.h; path = LKXSpringCollectionViewFlowLayout.h; sourceTree = "<group>"; };
		166B51191D486B1E003F4204 /* LKXSpringCollectionViewFlowLayout.m */ = {isa = PBXFileReference; fileEncoding = 4; lastKnownFileType = sourcecode.c.objc; path = LKXSpringCollectionViewFlowLayout.m; sourceTree = "<group>"; };
		166B511A1D486B1E003F4204 /* LKXTextField.h */ = {isa = PBXFileReference; fileEncoding = 4; lastKnownFileType = sourcecode.c.h; path = LKXTextField.h; sourceTree = "<group>"; };
		166B511B1D486B1E003F4204 /* LKXTextField.m */ = {isa = PBXFileReference; fileEncoding = 4; lastKnownFileType = sourcecode.c.objc; path = LKXTextField.m; sourceTree = "<group>"; };
		166B511C1D486B1E003F4204 /* LKXWebView.h */ = {isa = PBXFileReference; fileEncoding = 4; lastKnownFileType = sourcecode.c.h; path = LKXWebView.h; sourceTree = "<group>"; };
		166B511D1D486B1E003F4204 /* LKXWebView.m */ = {isa = PBXFileReference; fileEncoding = 4; lastKnownFileType = sourcecode.c.objc; path = LKXWebView.m; sourceTree = "<group>"; };
		166B511F1D486B1E003F4204 /* MBHUDTool.h */ = {isa = PBXFileReference; fileEncoding = 4; lastKnownFileType = sourcecode.c.h; path = MBHUDTool.h; sourceTree = "<group>"; };
		166B51201D486B1E003F4204 /* MBHUDTool.m */ = {isa = PBXFileReference; fileEncoding = 4; lastKnownFileType = sourcecode.c.objc; path = MBHUDTool.m; sourceTree = "<group>"; };
		166B51211D486B1E003F4204 /* MBProgressHUD.h */ = {isa = PBXFileReference; fileEncoding = 4; lastKnownFileType = sourcecode.c.h; path = MBProgressHUD.h; sourceTree = "<group>"; };
		166B51221D486B1E003F4204 /* MBProgressHUD.m */ = {isa = PBXFileReference; fileEncoding = 4; lastKnownFileType = sourcecode.c.objc; path = MBProgressHUD.m; sourceTree = "<group>"; };
		166B51241D486B1E003F4204 /* Reachability.h */ = {isa = PBXFileReference; fileEncoding = 4; lastKnownFileType = sourcecode.c.h; path = Reachability.h; sourceTree = "<group>"; };
		166B51251D486B1E003F4204 /* Reachability.m */ = {isa = PBXFileReference; fileEncoding = 4; lastKnownFileType = sourcecode.c.objc; path = Reachability.m; sourceTree = "<group>"; };
		166B51261D486B1E003F4204 /* ReachabilityTool.h */ = {isa = PBXFileReference; fileEncoding = 4; lastKnownFileType = sourcecode.c.h; path = ReachabilityTool.h; sourceTree = "<group>"; };
		166B51271D486B1E003F4204 /* ReachabilityTool.m */ = {isa = PBXFileReference; fileEncoding = 4; lastKnownFileType = sourcecode.c.objc; path = ReachabilityTool.m; sourceTree = "<group>"; };
		166B51281D486B1E003F4204 /* Reachability用法.h */ = {isa = PBXFileReference; fileEncoding = 4; lastKnownFileType = sourcecode.c.h; path = "Reachability用法.h"; sourceTree = "<group>"; };
		8B06A90C1AF0D27800329F8E /* CollectAction.h */ = {isa = PBXFileReference; fileEncoding = 4; lastKnownFileType = sourcecode.c.h; path = CollectAction.h; sourceTree = "<group>"; };
		8B06A90D1AF0D27800329F8E /* CollectAction.m */ = {isa = PBXFileReference; fileEncoding = 4; lastKnownFileType = sourcecode.c.objc; path = CollectAction.m; sourceTree = "<group>"; };
		8B68FAFF1B0AD25900A1E707 /* 商品发布及检索功能使用说明.pdf */ = {isa = PBXFileReference; lastKnownFileType = image.pdf; path = "商品发布及检索功能使用说明.pdf"; sourceTree = "<group>"; };
		8B71B5E41ADBB0FF00385223 /* rewards_on.png */ = {isa = PBXFileReference; lastKnownFileType = image.png; path = rewards_on.png; sourceTree = "<group>"; };
		8B71B5E51ADBB0FF00385223 /* rewards_on@2x.png */ = {isa = PBXFileReference; lastKnownFileType = image.png; path = "rewards_on@2x.png"; sourceTree = "<group>"; };
		8B71B5E61ADBB0FF00385223 /* rewards_on@3x.png */ = {isa = PBXFileReference; lastKnownFileType = image.png; path = "rewards_on@3x.png"; sourceTree = "<group>"; };
		8B9ACE8C1B0ED6B100B495F0 /* DynamicsVC.h */ = {isa = PBXFileReference; fileEncoding = 4; lastKnownFileType = sourcecode.c.h; path = DynamicsVC.h; sourceTree = "<group>"; };
		8B9ACE8D1B0ED6B100B495F0 /* DynamicsVC.m */ = {isa = PBXFileReference; fileEncoding = 4; lastKnownFileType = sourcecode.c.objc; path = DynamicsVC.m; sourceTree = "<group>"; };
		8B9ACE9B1B0F1BF200B495F0 /* SpringTableVC.h */ = {isa = PBXFileReference; fileEncoding = 4; lastKnownFileType = sourcecode.c.h; path = SpringTableVC.h; sourceTree = "<group>"; };
		8B9ACE9C1B0F1BF200B495F0 /* SpringTableVC.m */ = {isa = PBXFileReference; fileEncoding = 4; lastKnownFileType = sourcecode.c.objc; path = SpringTableVC.m; sourceTree = "<group>"; };
		8BAA206C1ACE850600A85F17 /* MyCategory.app */ = {isa = PBXFileReference; explicitFileType = wrapper.application; includeInIndex = 0; path = MyCategory.app; sourceTree = BUILT_PRODUCTS_DIR; };
		8BAA20701ACE850600A85F17 /* Info.plist */ = {isa = PBXFileReference; lastKnownFileType = text.plist.xml; path = Info.plist; sourceTree = "<group>"; };
		8BAA20711ACE850600A85F17 /* main.m */ = {isa = PBXFileReference; lastKnownFileType = sourcecode.c.objc; path = main.m; sourceTree = "<group>"; };
		8BAA20731ACE850600A85F17 /* AppDelegate.h */ = {isa = PBXFileReference; lastKnownFileType = sourcecode.c.h; path = AppDelegate.h; sourceTree = "<group>"; };
		8BAA20741ACE850600A85F17 /* AppDelegate.m */ = {isa = PBXFileReference; lastKnownFileType = sourcecode.c.objc; path = AppDelegate.m; sourceTree = "<group>"; };
		8BAA20761ACE850600A85F17 /* ViewController.h */ = {isa = PBXFileReference; lastKnownFileType = sourcecode.c.h; path = ViewController.h; sourceTree = "<group>"; };
		8BAA20771ACE850600A85F17 /* ViewController.m */ = {isa = PBXFileReference; lastKnownFileType = sourcecode.c.objc; path = ViewController.m; sourceTree = "<group>"; };
		8BAA207A1ACE850600A85F17 /* Base */ = {isa = PBXFileReference; lastKnownFileType = file.storyboard; name = Base; path = Base.lproj/Main.storyboard; sourceTree = "<group>"; };
		8BAA207C1ACE850600A85F17 /* Images.xcassets */ = {isa = PBXFileReference; lastKnownFileType = folder.assetcatalog; path = Images.xcassets; sourceTree = "<group>"; };
		8BAA207F1ACE850600A85F17 /* Base */ = {isa = PBXFileReference; lastKnownFileType = file.xib; name = Base; path = Base.lproj/LaunchScreen.xib; sourceTree = "<group>"; };
		8BAA20851ACE850600A85F17 /* MyCategoryTests.xctest */ = {isa = PBXFileReference; explicitFileType = wrapper.cfbundle; includeInIndex = 0; path = MyCategoryTests.xctest; sourceTree = BUILT_PRODUCTS_DIR; };
		8BAA208A1ACE850600A85F17 /* Info.plist */ = {isa = PBXFileReference; lastKnownFileType = text.plist.xml; path = Info.plist; sourceTree = "<group>"; };
		8BAA208B1ACE850600A85F17 /* MyCategoryTests.m */ = {isa = PBXFileReference; lastKnownFileType = sourcecode.c.objc; path = MyCategoryTests.m; sourceTree = "<group>"; };
		8BAA20D61ACE860E00A85F17 /* MyCategory-Prefix.pch */ = {isa = PBXFileReference; lastKnownFileType = sourcecode.c.h; path = "MyCategory-Prefix.pch"; sourceTree = "<group>"; };
		8BC918881B9ECE7F00CEDE38 /* TestVC.h */ = {isa = PBXFileReference; fileEncoding = 4; lastKnownFileType = sourcecode.c.h; path = TestVC.h; sourceTree = "<group>"; };
		8BC918891B9ECE7F00CEDE38 /* TestVC.m */ = {isa = PBXFileReference; fileEncoding = 4; lastKnownFileType = sourcecode.c.objc; path = TestVC.m; sourceTree = "<group>"; };
		8BE8E3BE1B12D3D000BA410B /* VVSpringCollectionViewFlowLayout.h */ = {isa = PBXFileReference; fileEncoding = 4; lastKnownFileType = sourcecode.c.h; path = VVSpringCollectionViewFlowLayout.h; sourceTree = "<group>"; };
		8BE8E3BF1B12D3D000BA410B /* VVSpringCollectionViewFlowLayout.m */ = {isa = PBXFileReference; fileEncoding = 4; lastKnownFileType = sourcecode.c.objc; path = VVSpringCollectionViewFlowLayout.m; sourceTree = "<group>"; };
/* End PBXFileReference section */

/* Begin PBXFrameworksBuildPhase section */
		8BAA20691ACE850600A85F17 /* Frameworks */ = {
			isa = PBXFrameworksBuildPhase;
			buildActionMask = 2147483647;
			files = (
			);
			runOnlyForDeploymentPostprocessing = 0;
		};
		8BAA20821ACE850600A85F17 /* Frameworks */ = {
			isa = PBXFrameworksBuildPhase;
			buildActionMask = 2147483647;
			files = (
			);
			runOnlyForDeploymentPostprocessing = 0;
		};
/* End PBXFrameworksBuildPhase section */

/* Begin PBXGroup section */
		166B50EB1D486B1E003F4204 /* LKXCommonFile */ = {
			isa = PBXGroup;
			children = (
				166B50EC1D486B1E003F4204 /* category */,
				166B51011D486B1E003F4204 /* CommonKeyboard */,
				166B51061D486B1E003F4204 /* CommonTool */,
				166B51151D486B1E003F4204 /* tool */,
			);
			path = LKXCommonFile;
			sourceTree = "<group>";
		};
		166B50EC1D486B1E003F4204 /* category */ = {
			isa = PBXGroup;
			children = (
				166B50ED1D486B1E003F4204 /* NSArray+Category.h */,
				166B50EE1D486B1E003F4204 /* NSArray+Category.m */,
				166B50EF1D486B1E003F4204 /* NSData+Category.h */,
				166B50F01D486B1E003F4204 /* NSData+Category.m */,
				166B50F11D486B1E003F4204 /* NSDate+Category.h */,
				166B50F21D486B1E003F4204 /* NSDate+Category.m */,
				166B50F31D486B1E003F4204 /* NSString+Category.h */,
				166B50F41D486B1E003F4204 /* NSString+Category.m */,
				166B50F51D486B1E003F4204 /* NSString+Encryption.h */,
				166B50F61D486B1E003F4204 /* NSString+Encryption.m */,
				166B50F71D486B1E003F4204 /* NSString+Verification.h */,
				166B50F81D486B1E003F4204 /* NSString+Verification.m */,
				166B50F91D486B1E003F4204 /* UIButton+Categoty.h */,
				166B50FA1D486B1E003F4204 /* UIButton+Categoty.m */,
				166B50FB1D486B1E003F4204 /* UIColor+Category.h */,
				166B50FC1D486B1E003F4204 /* UIColor+Category.m */,
				166B50FD1D486B1E003F4204 /* UIControl+Runtime.h */,
				166B50FE1D486B1E003F4204 /* UIControl+Runtime.m */,
				166B50FF1D486B1E003F4204 /* UIImage+Category.h */,
				166B51001D486B1E003F4204 /* UIImage+Category.m */,
			);
			path = category;
			sourceTree = "<group>";
		};
		166B51011D486B1E003F4204 /* CommonKeyboard */ = {
			isa = PBXGroup;
			children = (
				166B51021D486B1E003F4204 /* UIKeyboardView.h */,
				166B51031D486B1E003F4204 /* UIKeyboardView.m */,
				166B51041D486B1E003F4204 /* UIKeyboardViewController.h */,
				166B51051D486B1E003F4204 /* UIKeyboardViewController.m */,
			);
			path = CommonKeyboard;
			sourceTree = "<group>";
		};
		166B51061D486B1E003F4204 /* CommonTool */ = {
			isa = PBXGroup;
			children = (
				166B51071D486B1E003F4204 /* BigBtn.h */,
				166B51081D486B1E003F4204 /* BigBtn.m */,
				166B51091D486B1E003F4204 /* ChineseToPinyin.h */,
				166B510A1D486B1E003F4204 /* ChineseToPinyin.m */,
				166B510B1D486B1E003F4204 /* LKX_Tooles.h */,
				166B510C1D486B1E003F4204 /* LKX_Tooles.m */,
				166B510D1D486B1E003F4204 /* LKXAlertView.h */,
				166B510E1D486B1E003F4204 /* LKXAlertView.m */,
				166B510F1D486B1E003F4204 /* LKXAPPDefine.h */,
				166B51101D486B1E003F4204 /* Macros_UICommon.h */,
				166B51111D486B1E003F4204 /* ReachabilityTool.h */,
				166B51121D486B1E003F4204 /* SingletonMacro.h */,
				166B51131D486B1E003F4204 /* UIView+Common.h */,
				166B51141D486B1E003F4204 /* UIView+Common.m */,
			);
			path = CommonTool;
			sourceTree = "<group>";
		};
		166B51151D486B1E003F4204 /* tool */ = {
			isa = PBXGroup;
			children = (
				166B51161D486B1E003F4204 /* LKXEmailSendTool.h */,
				166B51171D486B1E003F4204 /* LKXEmailSendTool.m */,
				166B51181D486B1E003F4204 /* LKXSpringCollectionViewFlowLayout.h */,
				166B51191D486B1E003F4204 /* LKXSpringCollectionViewFlowLayout.m */,
				166B511A1D486B1E003F4204 /* LKXTextField.h */,
				166B511B1D486B1E003F4204 /* LKXTextField.m */,
				166B511C1D486B1E003F4204 /* LKXWebView.h */,
				166B511D1D486B1E003F4204 /* LKXWebView.m */,
				166B511E1D486B1E003F4204 /* MBHUDTool */,
				166B51231D486B1E003F4204 /* ReachabilityTool */,
			);
			path = tool;
			sourceTree = "<group>";
		};
		166B511E1D486B1E003F4204 /* MBHUDTool */ = {
			isa = PBXGroup;
			children = (
				166B511F1D486B1E003F4204 /* MBHUDTool.h */,
				166B51201D486B1E003F4204 /* MBHUDTool.m */,
				166B51211D486B1E003F4204 /* MBProgressHUD.h */,
				166B51221D486B1E003F4204 /* MBProgressHUD.m */,
			);
			path = MBHUDTool;
			sourceTree = "<group>";
		};
		166B51231D486B1E003F4204 /* ReachabilityTool */ = {
			isa = PBXGroup;
			children = (
				166B51241D486B1E003F4204 /* Reachability.h */,
				166B51251D486B1E003F4204 /* Reachability.m */,
				166B51261D486B1E003F4204 /* ReachabilityTool.h */,
				166B51271D486B1E003F4204 /* ReachabilityTool.m */,
				166B51281D486B1E003F4204 /* Reachability用法.h */,
			);
			path = ReachabilityTool;
			sourceTree = "<group>";
		};
		8BAA20631ACE850600A85F17 = {
			isa = PBXGroup;
			children = (
				8BAA206E1ACE850600A85F17 /* MyCategory */,
				8BAA20881ACE850600A85F17 /* MyCategoryTests */,
				8BAA206D1ACE850600A85F17 /* Products */,
			);
			sourceTree = "<group>";
		};
		8BAA206D1ACE850600A85F17 /* Products */ = {
			isa = PBXGroup;
			children = (
				8BAA206C1ACE850600A85F17 /* MyCategory.app */,
				8BAA20851ACE850600A85F17 /* MyCategoryTests.xctest */,
			);
			name = Products;
			sourceTree = "<group>";
		};
		8BAA206E1ACE850600A85F17 /* MyCategory */ = {
			isa = PBXGroup;
			children = (
				166B50EB1D486B1E003F4204 /* LKXCommonFile */,
				8BE8E3BD1B12D3D000BA410B /* VVSpringCollectionViewFlowLayout */,
				8B68FAFF1B0AD25900A1E707 /* 商品发布及检索功能使用说明.pdf */,
				8BAA20731ACE850600A85F17 /* AppDelegate.h */,
				8BAA20741ACE850600A85F17 /* AppDelegate.m */,
				8BAA20761ACE850600A85F17 /* ViewController.h */,
				8BAA20771ACE850600A85F17 /* ViewController.m */,
				8BC918881B9ECE7F00CEDE38 /* TestVC.h */,
				8BC918891B9ECE7F00CEDE38 /* TestVC.m */,
				8B9ACE8C1B0ED6B100B495F0 /* DynamicsVC.h */,
				8B9ACE8D1B0ED6B100B495F0 /* DynamicsVC.m */,
				8B9ACE9B1B0F1BF200B495F0 /* SpringTableVC.h */,
				8B9ACE9C1B0F1BF200B495F0 /* SpringTableVC.m */,
				8BAA20791ACE850600A85F17 /* Main.storyboard */,
				8BAA207C1ACE850600A85F17 /* Images.xcassets */,
				8BAA207E1ACE850600A85F17 /* LaunchScreen.xib */,
				8BAA206F1ACE850600A85F17 /* Supporting Files */,
				8B06A90C1AF0D27800329F8E /* CollectAction.h */,
				8B06A90D1AF0D27800329F8E /* CollectAction.m */,
			);
			path = MyCategory;
			sourceTree = "<group>";
		};
		8BAA206F1ACE850600A85F17 /* Supporting Files */ = {
			isa = PBXGroup;
			children = (
				8B71B5E41ADBB0FF00385223 /* rewards_on.png */,
				8B71B5E51ADBB0FF00385223 /* rewards_on@2x.png */,
				8B71B5E61ADBB0FF00385223 /* rewards_on@3x.png */,
				8BAA20701ACE850600A85F17 /* Info.plist */,
				8BAA20711ACE850600A85F17 /* main.m */,
				8BAA20D61ACE860E00A85F17 /* MyCategory-Prefix.pch */,
			);
			name = "Supporting Files";
			sourceTree = "<group>";
		};
		8BAA20881ACE850600A85F17 /* MyCategoryTests */ = {
			isa = PBXGroup;
			children = (
				8BAA208B1ACE850600A85F17 /* MyCategoryTests.m */,
				8BAA20891ACE850600A85F17 /* Supporting Files */,
			);
			path = MyCategoryTests;
			sourceTree = "<group>";
		};
		8BAA20891ACE850600A85F17 /* Supporting Files */ = {
			isa = PBXGroup;
			children = (
				8BAA208A1ACE850600A85F17 /* Info.plist */,
			);
			name = "Supporting Files";
			sourceTree = "<group>";
		};
		8BE8E3BD1B12D3D000BA410B /* VVSpringCollectionViewFlowLayout */ = {
			isa = PBXGroup;
			children = (
				8BE8E3BE1B12D3D000BA410B /* VVSpringCollectionViewFlowLayout.h */,
				8BE8E3BF1B12D3D000BA410B /* VVSpringCollectionViewFlowLayout.m */,
			);
			path = VVSpringCollectionViewFlowLayout;
			sourceTree = "<group>";
		};
/* End PBXGroup section */

/* Begin PBXNativeTarget section */
		8BAA206B1ACE850600A85F17 /* MyCategory */ = {
			isa = PBXNativeTarget;
			buildConfigurationList = 8BAA208F1ACE850600A85F17 /* Build configuration list for PBXNativeTarget "MyCategory" */;
			buildPhases = (
				8BAA20681ACE850600A85F17 /* Sources */,
				8BAA20691ACE850600A85F17 /* Frameworks */,
				8BAA206A1ACE850600A85F17 /* Resources */,
			);
			buildRules = (
			);
			dependencies = (
			);
			name = MyCategory;
			productName = MyCategory;
			productReference = 8BAA206C1ACE850600A85F17 /* MyCategory.app */;
			productType = "com.apple.product-type.application";
		};
		8BAA20841ACE850600A85F17 /* MyCategoryTests */ = {
			isa = PBXNativeTarget;
			buildConfigurationList = 8BAA20921ACE850600A85F17 /* Build configuration list for PBXNativeTarget "MyCategoryTests" */;
			buildPhases = (
				8BAA20811ACE850600A85F17 /* Sources */,
				8BAA20821ACE850600A85F17 /* Frameworks */,
				8BAA20831ACE850600A85F17 /* Resources */,
			);
			buildRules = (
			);
			dependencies = (
				8BAA20871ACE850600A85F17 /* PBXTargetDependency */,
			);
			name = MyCategoryTests;
			productName = MyCategoryTests;
			productReference = 8BAA20851ACE850600A85F17 /* MyCategoryTests.xctest */;
			productType = "com.apple.product-type.bundle.unit-test";
		};
/* End PBXNativeTarget section */

/* Begin PBXProject section */
		8BAA20641ACE850600A85F17 /* Project object */ = {
			isa = PBXProject;
			attributes = {
				LastUpgradeCheck = 0620;
				ORGANIZATIONNAME = Developer;
				TargetAttributes = {
					8BAA206B1ACE850600A85F17 = {
						CreatedOnToolsVersion = 6.2;
						DevelopmentTeam = CCE8HZ4H5D;
						SystemCapabilities = {
							com.apple.BackgroundModes = {
								enabled = 1;
							};
						};
					};
					8BAA20841ACE850600A85F17 = {
						CreatedOnToolsVersion = 6.2;
						TestTargetID = 8BAA206B1ACE850600A85F17;
					};
				};
			};
			buildConfigurationList = 8BAA20671ACE850600A85F17 /* Build configuration list for PBXProject "MyCategory" */;
			compatibilityVersion = "Xcode 3.2";
			developmentRegion = English;
			hasScannedForEncodings = 0;
			knownRegions = (
				en,
				Base,
			);
			mainGroup = 8BAA20631ACE850600A85F17;
			productRefGroup = 8BAA206D1ACE850600A85F17 /* Products */;
			projectDirPath = "";
			projectRoot = "";
			targets = (
				8BAA206B1ACE850600A85F17 /* MyCategory */,
				8BAA20841ACE850600A85F17 /* MyCategoryTests */,
			);
		};
/* End PBXProject section */

/* Begin PBXResourcesBuildPhase section */
		8BAA206A1ACE850600A85F17 /* Resources */ = {
			isa = PBXResourcesBuildPhase;
			buildActionMask = 2147483647;
			files = (
				8BAA207B1ACE850600A85F17 /* Main.storyboard in Resources */,
				8B71B5E91ADBB0FF00385223 /* rewards_on@3x.png in Resources */,
				8B71B5E71ADBB0FF00385223 /* rewards_on.png in Resources */,
				8BAA20801ACE850600A85F17 /* LaunchScreen.xib in Resources */,
				8BAA207D1ACE850600A85F17 /* Images.xcassets in Resources */,
				8B71B5E81ADBB0FF00385223 /* rewards_on@2x.png in Resources */,
				8B68FB001B0AD25900A1E707 /* 商品发布及检索功能使用说明.pdf in Resources */,
			);
			runOnlyForDeploymentPostprocessing = 0;
		};
		8BAA20831ACE850600A85F17 /* Resources */ = {
			isa = PBXResourcesBuildPhase;
			buildActionMask = 2147483647;
			files = (
			);
			runOnlyForDeploymentPostprocessing = 0;
		};
/* End PBXResourcesBuildPhase section */

/* Begin PBXSourcesBuildPhase section */
		8BAA20681ACE850600A85F17 /* Sources */ = {
			isa = PBXSourcesBuildPhase;
			buildActionMask = 2147483647;
			files = (
				8BE8E3C01B12D3D000BA410B /* VVSpringCollectionViewFlowLayout.m in Sources */,
				166B513D1D486B1E003F4204 /* LKXWebView.m in Sources */,
				166B51391D486B1E003F4204 /* UIView+Common.m in Sources */,
				166B51291D486B1E003F4204 /* NSArray+Category.m in Sources */,
				8BAA20781ACE850600A85F17 /* ViewController.m in Sources */,
				166B51381D486B1E003F4204 /* LKXAlertView.m in Sources */,
				166B51311D486B1E003F4204 /* UIControl+Runtime.m in Sources */,
				166B51371D486B1E003F4204 /* LKX_Tooles.m in Sources */,
				166B513B1D486B1E003F4204 /* LKXSpringCollectionViewFlowLayout.m in Sources */,
				166B51301D486B1E003F4204 /* UIColor+Category.m in Sources */,
				166B51411D486B1E003F4204 /* ReachabilityTool.m in Sources */,
				166B513A1D486B1E003F4204 /* LKXEmailSendTool.m in Sources */,
				166B51361D486B1E003F4204 /* ChineseToPinyin.m in Sources */,
				166B51321D486B1E003F4204 /* UIImage+Category.m in Sources */,
				166B512F1D486B1E003F4204 /* UIButton+Categoty.m in Sources */,
				8BC9188A1B9ECE7F00CEDE38 /* TestVC.m in Sources */,
				166B512E1D486B1E003F4204 /* NSString+Verification.m in Sources */,
				166B512A1D486B1E003F4204 /* NSData+Category.m in Sources */,
				8BAA20751ACE850600A85F17 /* AppDelegate.m in Sources */,
				166B513E1D486B1E003F4204 /* MBHUDTool.m in Sources */,
				166B513C1D486B1E003F4204 /* LKXTextField.m in Sources */,
				166B51341D486B1E003F4204 /* UIKeyboardViewController.m in Sources */,
				8B9ACE8E1B0ED6B100B495F0 /* DynamicsVC.m in Sources */,
				166B513F1D486B1E003F4204 /* MBProgressHUD.m in Sources */,
				166B512C1D486B1E003F4204 /* NSString+Category.m in Sources */,
				8B06A90E1AF0D27800329F8E /* CollectAction.m in Sources */,
				166B512B1D486B1E003F4204 /* NSDate+Category.m in Sources */,
				166B51401D486B1E003F4204 /* Reachability.m in Sources */,
				8BAA20721ACE850600A85F17 /* main.m in Sources */,
				166B51351D486B1E003F4204 /* BigBtn.m in Sources */,
				166B512D1D486B1E003F4204 /* NSString+Encryption.m in Sources */,
				166B51331D486B1E003F4204 /* UIKeyboardView.m in Sources */,
				8B9ACE9D1B0F1BF200B495F0 /* SpringTableVC.m in Sources */,
			);
			runOnlyForDeploymentPostprocessing = 0;
		};
		8BAA20811ACE850600A85F17 /* Sources */ = {
			isa = PBXSourcesBuildPhase;
			buildActionMask = 2147483647;
			files = (
				8BAA208C1ACE850600A85F17 /* MyCategoryTests.m in Sources */,
			);
			runOnlyForDeploymentPostprocessing = 0;
		};
/* End PBXSourcesBuildPhase section */

/* Begin PBXTargetDependency section */
		8BAA20871ACE850600A85F17 /* PBXTargetDependency */ = {
			isa = PBXTargetDependency;
			target = 8BAA206B1ACE850600A85F17 /* MyCategory */;
			targetProxy = 8BAA20861ACE850600A85F17 /* PBXContainerItemProxy */;
		};
/* End PBXTargetDependency section */

/* Begin PBXVariantGroup section */
		8BAA20791ACE850600A85F17 /* Main.storyboard */ = {
			isa = PBXVariantGroup;
			children = (
				8BAA207A1ACE850600A85F17 /* Base */,
			);
			name = Main.storyboard;
			sourceTree = "<group>";
		};
		8BAA207E1ACE850600A85F17 /* LaunchScreen.xib */ = {
			isa = PBXVariantGroup;
			children = (
				8BAA207F1ACE850600A85F17 /* Base */,
			);
			name = LaunchScreen.xib;
			sourceTree = "<group>";
		};
/* End PBXVariantGroup section */

/* Begin XCBuildConfiguration section */
		8BAA208D1ACE850600A85F17 /* Debug */ = {
			isa = XCBuildConfiguration;
			buildSettings = {
				ALWAYS_SEARCH_USER_PATHS = NO;
				CLANG_CXX_LANGUAGE_STANDARD = "gnu++0x";
				CLANG_CXX_LIBRARY = "libc++";
				CLANG_ENABLE_MODULES = YES;
				CLANG_ENABLE_OBJC_ARC = YES;
				CLANG_WARN_BOOL_CONVERSION = YES;
				CLANG_WARN_CONSTANT_CONVERSION = YES;
				CLANG_WARN_DIRECT_OBJC_ISA_USAGE = YES_ERROR;
				CLANG_WARN_EMPTY_BODY = YES;
				CLANG_WARN_ENUM_CONVERSION = YES;
				CLANG_WARN_INT_CONVERSION = YES;
				CLANG_WARN_OBJC_ROOT_CLASS = YES_ERROR;
				CLANG_WARN_UNREACHABLE_CODE = YES;
				CLANG_WARN__DUPLICATE_METHOD_MATCH = YES;
				"CODE_SIGN_IDENTITY[sdk=iphoneos*]" = "iPhone Developer";
				COPY_PHASE_STRIP = NO;
				ENABLE_STRICT_OBJC_MSGSEND = YES;
				GCC_C_LANGUAGE_STANDARD = gnu99;
				GCC_DYNAMIC_NO_PIC = NO;
				GCC_OPTIMIZATION_LEVEL = 0;
				GCC_PREPROCESSOR_DEFINITIONS = (
					"DEBUG=1",
					"$(inherited)",
				);
				GCC_SYMBOLS_PRIVATE_EXTERN = NO;
				GCC_WARN_64_TO_32_BIT_CONVERSION = YES;
				GCC_WARN_ABOUT_RETURN_TYPE = YES_ERROR;
				GCC_WARN_UNDECLARED_SELECTOR = YES;
				GCC_WARN_UNINITIALIZED_AUTOS = YES_AGGRESSIVE;
				GCC_WARN_UNUSED_FUNCTION = YES;
				GCC_WARN_UNUSED_VARIABLE = YES;
				IPHONEOS_DEPLOYMENT_TARGET = 8.2;
				MTL_ENABLE_DEBUG_INFO = YES;
				ONLY_ACTIVE_ARCH = YES;
				SDKROOT = iphoneos;
			};
			name = Debug;
		};
		8BAA208E1ACE850600A85F17 /* Release */ = {
			isa = XCBuildConfiguration;
			buildSettings = {
				ALWAYS_SEARCH_USER_PATHS = NO;
				CLANG_CXX_LANGUAGE_STANDARD = "gnu++0x";
				CLANG_CXX_LIBRARY = "libc++";
				CLANG_ENABLE_MODULES = YES;
				CLANG_ENABLE_OBJC_ARC = YES;
				CLANG_WARN_BOOL_CONVERSION = YES;
				CLANG_WARN_CONSTANT_CONVERSION = YES;
				CLANG_WARN_DIRECT_OBJC_ISA_USAGE = YES_ERROR;
				CLANG_WARN_EMPTY_BODY = YES;
				CLANG_WARN_ENUM_CONVERSION = YES;
				CLANG_WARN_INT_CONVERSION = YES;
				CLANG_WARN_OBJC_ROOT_CLASS = YES_ERROR;
				CLANG_WARN_UNREACHABLE_CODE = YES;
				CLANG_WARN__DUPLICATE_METHOD_MATCH = YES;
				"CODE_SIGN_IDENTITY[sdk=iphoneos*]" = "iPhone Developer";
				COPY_PHASE_STRIP = NO;
				ENABLE_NS_ASSERTIONS = NO;
				ENABLE_STRICT_OBJC_MSGSEND = YES;
				GCC_C_LANGUAGE_STANDARD = gnu99;
				GCC_WARN_64_TO_32_BIT_CONVERSION = YES;
				GCC_WARN_ABOUT_RETURN_TYPE = YES_ERROR;
				GCC_WARN_UNDECLARED_SELECTOR = YES;
				GCC_WARN_UNINITIALIZED_AUTOS = YES_AGGRESSIVE;
				GCC_WARN_UNUSED_FUNCTION = YES;
				GCC_WARN_UNUSED_VARIABLE = YES;
				IPHONEOS_DEPLOYMENT_TARGET = 8.2;
				MTL_ENABLE_DEBUG_INFO = NO;
				SDKROOT = iphoneos;
				VALIDATE_PRODUCT = YES;
			};
			name = Release;
		};
		8BAA20901ACE850600A85F17 /* Debug */ = {
			isa = XCBuildConfiguration;
			buildSettings = {
				ASSETCATALOG_COMPILER_APPICON_NAME = AppIcon;
				CODE_SIGN_IDENTITY = "iPhone Developer";
				"CODE_SIGN_IDENTITY[sdk=iphoneos*]" = "iPhone Developer";
				GCC_PREFIX_HEADER = "$(SRCROOT)/MyCategory/MyCategory-Prefix.pch";
				INFOPLIST_FILE = MyCategory/Info.plist;
				IPHONEOS_DEPLOYMENT_TARGET = 6.0;
				LD_RUNPATH_SEARCH_PATHS = "$(inherited) @executable_path/Frameworks";
				PRODUCT_NAME = "$(TARGET_NAME)";
				PROVISIONING_PROFILE = "";
			};
			name = Debug;
		};
		8BAA20911ACE850600A85F17 /* Release */ = {
			isa = XCBuildConfiguration;
			buildSettings = {
				ASSETCATALOG_COMPILER_APPICON_NAME = AppIcon;
				CODE_SIGN_IDENTITY = "iPhone Developer";
				"CODE_SIGN_IDENTITY[sdk=iphoneos*]" = "iPhone Developer";
				GCC_PREFIX_HEADER = "$(SRCROOT)/MyCategory/MyCategory-Prefix.pch";
				INFOPLIST_FILE = MyCategory/Info.plist;
				IPHONEOS_DEPLOYMENT_TARGET = 6.0;
				LD_RUNPATH_SEARCH_PATHS = "$(inherited) @executable_path/Frameworks";
				PRODUCT_NAME = "$(TARGET_NAME)";
				PROVISIONING_PROFILE = "";
			};
			name = Release;
		};
		8BAA20931ACE850600A85F17 /* Debug */ = {
			isa = XCBuildConfiguration;
			buildSettings = {
				BUNDLE_LOADER = "$(TEST_HOST)";
				FRAMEWORK_SEARCH_PATHS = (
					"$(SDKROOT)/Developer/Library/Frameworks",
					"$(inherited)",
				);
				GCC_PREPROCESSOR_DEFINITIONS = (
					"DEBUG=1",
					"$(inherited)",
				);
				INFOPLIST_FILE = MyCategoryTests/Info.plist;
				LD_RUNPATH_SEARCH_PATHS = "$(inherited) @executable_path/Frameworks @loader_path/Frameworks";
				PRODUCT_NAME = "$(TARGET_NAME)";
				TEST_HOST = "$(BUILT_PRODUCTS_DIR)/MyCategory.app/MyCategory";
			};
			name = Debug;
		};
		8BAA20941ACE850600A85F17 /* Release */ = {
			isa = XCBuildConfiguration;
			buildSettings = {
				BUNDLE_LOADER = "$(TEST_HOST)";
				FRAMEWORK_SEARCH_PATHS = (
					"$(SDKROOT)/Developer/Library/Frameworks",
					"$(inherited)",
				);
				INFOPLIST_FILE = MyCategoryTests/Info.plist;
				LD_RUNPATH_SEARCH_PATHS = "$(inherited) @executable_path/Frameworks @loader_path/Frameworks";
				PRODUCT_NAME = "$(TARGET_NAME)";
				TEST_HOST = "$(BUILT_PRODUCTS_DIR)/MyCategory.app/MyCategory";
			};
			name = Release;
		};
/* End XCBuildConfiguration section */

/* Begin XCConfigurationList section */
		8BAA20671ACE850600A85F17 /* Build configuration list for PBXProject "MyCategory" */ = {
			isa = XCConfigurationList;
			buildConfigurations = (
				8BAA208D1ACE850600A85F17 /* Debug */,
				8BAA208E1ACE850600A85F17 /* Release */,
			);
			defaultConfigurationIsVisible = 0;
			defaultConfigurationName = Release;
		};
		8BAA208F1ACE850600A85F17 /* Build configuration list for PBXNativeTarget "MyCategory" */ = {
			isa = XCConfigurationList;
			buildConfigurations = (
				8BAA20901ACE850600A85F17 /* Debug */,
				8BAA20911ACE850600A85F17 /* Release */,
			);
			defaultConfigurationIsVisible = 0;
			defaultConfigurationName = Release;
		};
		8BAA20921ACE850600A85F17 /* Build configuration list for PBXNativeTarget "MyCategoryTests" */ = {
			isa = XCConfigurationList;
			buildConfigurations = (
				8BAA20931ACE850600A85F17 /* Debug */,
				8BAA20941ACE850600A85F17 /* Release */,
			);
			defaultConfigurationIsVisible = 0;
			defaultConfigurationName = Release;
		};
/* End XCConfigurationList section */
	};
	rootObject = 8BAA20641ACE850600A85F17 /* Project object */;
}
